// !$*UTF8*$!
{
	archiveVersion = 1;
	classes = {
	};
	objectVersion = 46;
	objects = {

/* Begin PBXBuildFile section */
		2C2B4F8B1BBB73F20068C1D5 /* main.m in Sources */ = {isa = PBXBuildFile; fileRef = 2C2B4F8A1BBB73F20068C1D5 /* main.m */; };
		2C2B4F8E1BBB73F20068C1D5 /* AppDelegate.m in Sources */ = {isa = PBXBuildFile; fileRef = 2C2B4F8D1BBB73F20068C1D5 /* AppDelegate.m */; };
		2C2B4F911BBB73F20068C1D5 /* ViewController.m in Sources */ = {isa = PBXBuildFile; fileRef = 2C2B4F901BBB73F20068C1D5 /* ViewController.m */; };
		2C2B4F941BBB73F20068C1D5 /* Main.storyboard in Resources */ = {isa = PBXBuildFile; fileRef = 2C2B4F921BBB73F20068C1D5 /* Main.storyboard */; };
		2C2B4F961BBB73F20068C1D5 /* Assets.xcassets in Resources */ = {isa = PBXBuildFile; fileRef = 2C2B4F951BBB73F20068C1D5 /* Assets.xcassets */; };
		2C2B4F991BBB73F20068C1D5 /* LaunchScreen.storyboard in Resources */ = {isa = PBXBuildFile; fileRef = 2C2B4F971BBB73F20068C1D5 /* LaunchScreen.storyboard */; };
		2CBDD0D01BDF650600FB7519 /* DefaultViewController.m in Sources */ = {isa = PBXBuildFile; fileRef = 2CBDD0011BDF650600FB7519 /* DefaultViewController.m */; };
		2CBDD0D21BDF650600FB7519 /* CommomColor.m in Sources */ = {isa = PBXBuildFile; fileRef = 2CBDD0081BDF650600FB7519 /* CommomColor.m */; };
		2CBDD0D31BDF650600FB7519 /* CommonTools.m in Sources */ = {isa = PBXBuildFile; fileRef = 2CBDD00B1BDF650600FB7519 /* CommonTools.m */; };
		2CBDD0D41BDF650600FB7519 /* PopView.m in Sources */ = {isa = PBXBuildFile; fileRef = 2CBDD00E1BDF650600FB7519 /* PopView.m */; };
		2CBDD0D51BDF650600FB7519 /* ReminderHelper.m in Sources */ = {isa = PBXBuildFile; fileRef = 2CBDD0111BDF650600FB7519 /* ReminderHelper.m */; };
		2CBDD0D61BDF650600FB7519 /* SettingHelper.m in Sources */ = {isa = PBXBuildFile; fileRef = 2CBDD0141BDF650600FB7519 /* SettingHelper.m */; };
		2CBDD0D71BDF650600FB7519 /* StateButton.m in Sources */ = {isa = PBXBuildFile; fileRef = 2CBDD0171BDF650600FB7519 /* StateButton.m */; };
		2CBDD0D81BDF650600FB7519 /* DataModel.m in Sources */ = {isa = PBXBuildFile; fileRef = 2CBDD01D1BDF650600FB7519 /* DataModel.m */; };
		2CBDD0D91BDF650600FB7519 /* ItemModel.m in Sources */ = {isa = PBXBuildFile; fileRef = 2CBDD01F1BDF650600FB7519 /* ItemModel.m */; };
		2CBDD0DA1BDF650600FB7519 /* LocalVersion.m in Sources */ = {isa = PBXBuildFile; fileRef = 2CBDD0211BDF650600FB7519 /* LocalVersion.m */; };
		2CBDD0DB1BDF650600FB7519 /* icon.png in Resources */ = {isa = PBXBuildFile; fileRef = 2CBDD0241BDF650600FB7519 /* icon.png */; };
		2CBDD0DC1BDF650600FB7519 /* icon120.png in Resources */ = {isa = PBXBuildFile; fileRef = 2CBDD0251BDF650600FB7519 /* icon120.png */; };
		2CBDD0DD1BDF650600FB7519 /* icon152.png in Resources */ = {isa = PBXBuildFile; fileRef = 2CBDD0261BDF650600FB7519 /* icon152.png */; };
		2CBDD0DE1BDF650600FB7519 /* icon29.png in Resources */ = {isa = PBXBuildFile; fileRef = 2CBDD0271BDF650600FB7519 /* icon29.png */; };
		2CBDD0DF1BDF650600FB7519 /* icon40.png in Resources */ = {isa = PBXBuildFile; fileRef = 2CBDD0281BDF650600FB7519 /* icon40.png */; };
		2CBDD0E01BDF650600FB7519 /* icon58.png in Resources */ = {isa = PBXBuildFile; fileRef = 2CBDD0291BDF650600FB7519 /* icon58.png */; };
		2CBDD0E11BDF650600FB7519 /* icon76.png in Resources */ = {isa = PBXBuildFile; fileRef = 2CBDD02A1BDF650600FB7519 /* icon76.png */; };
		2CBDD0E21BDF650600FB7519 /* icon80.png in Resources */ = {isa = PBXBuildFile; fileRef = 2CBDD02B1BDF650600FB7519 /* icon80.png */; };
		2CBDD0E31BDF650600FB7519 /* back_bkg.png in Resources */ = {isa = PBXBuildFile; fileRef = 2CBDD02D1BDF650600FB7519 /* back_bkg.png */; };
		2CBDD0E41BDF650600FB7519 /* back_bkg@2x.png in Resources */ = {isa = PBXBuildFile; fileRef = 2CBDD02E1BDF650600FB7519 /* back_bkg@2x.png */; };
		2CBDD0E51BDF650600FB7519 /* back_bkg_HL.png in Resources */ = {isa = PBXBuildFile; fileRef = 2CBDD02F1BDF650600FB7519 /* back_bkg_HL.png */; };
		2CBDD0E61BDF650600FB7519 /* back_bkg_HL@2x.png in Resources */ = {isa = PBXBuildFile; fileRef = 2CBDD0301BDF650600FB7519 /* back_bkg_HL@2x.png */; };
		2CBDD0E71BDF650600FB7519 /* btn_bkg.png in Resources */ = {isa = PBXBuildFile; fileRef = 2CBDD0311BDF650600FB7519 /* btn_bkg.png */; };
		2CBDD0E81BDF650600FB7519 /* btn_bkg@2x.png in Resources */ = {isa = PBXBuildFile; fileRef = 2CBDD0321BDF650600FB7519 /* btn_bkg@2x.png */; };
		2CBDD0E91BDF650600FB7519 /* btn_bkg_highlighted.png in Resources */ = {isa = PBXBuildFile; fileRef = 2CBDD0331BDF650600FB7519 /* btn_bkg_highlighted.png */; };
		2CBDD0EA1BDF650600FB7519 /* btn_bkg_highlighted@2x.png in Resources */ = {isa = PBXBuildFile; fileRef = 2CBDD0341BDF650600FB7519 /* btn_bkg_highlighted@2x.png */; };
		2CBDD0EB1BDF650600FB7519 /* delete.png in Resources */ = {isa = PBXBuildFile; fileRef = 2CBDD0351BDF650600FB7519 /* delete.png */; };
		2CBDD0EC1BDF650600FB7519 /* delete@2x.png in Resources */ = {isa = PBXBuildFile; fileRef = 2CBDD0361BDF650600FB7519 /* delete@2x.png */; };
		2CBDD0ED1BDF650600FB7519 /* navi_back.png in Resources */ = {isa = PBXBuildFile; fileRef = 2CBDD0371BDF650600FB7519 /* navi_back.png */; };
		2CBDD0EE1BDF650600FB7519 /* navi_back@2x.png in Resources */ = {isa = PBXBuildFile; fileRef = 2CBDD0381BDF650600FB7519 /* navi_back@2x.png */; };
		2CBDD0EF1BDF650600FB7519 /* navi_back_highlighted.png in Resources */ = {isa = PBXBuildFile; fileRef = 2CBDD0391BDF650600FB7519 /* navi_back_highlighted.png */; };
		2CBDD0F01BDF650600FB7519 /* navi_back_highlighted@2x.png in Resources */ = {isa = PBXBuildFile; fileRef = 2CBDD03A1BDF650600FB7519 /* navi_back_highlighted@2x.png */; };
		2CBDD0F11BDF650600FB7519 /* red_dot.png in Resources */ = {isa = PBXBuildFile; fileRef = 2CBDD03B1BDF650600FB7519 /* red_dot.png */; };
		2CBDD0F21BDF650600FB7519 /* red_dot@2x.png in Resources */ = {isa = PBXBuildFile; fileRef = 2CBDD03C1BDF650600FB7519 /* red_dot@2x.png */; };
		2CBDD0F31BDF650600FB7519 /* right_arrow.png in Resources */ = {isa = PBXBuildFile; fileRef = 2CBDD03D1BDF650600FB7519 /* right_arrow.png */; };
		2CBDD0F41BDF650600FB7519 /* right_arrow@2x.png in Resources */ = {isa = PBXBuildFile; fileRef = 2CBDD03E1BDF650600FB7519 /* right_arrow@2x.png */; };
		2CBDD0F51BDF650600FB7519 /* right_arrow_HL.png in Resources */ = {isa = PBXBuildFile; fileRef = 2CBDD03F1BDF650600FB7519 /* right_arrow_HL.png */; };
		2CBDD0F61BDF650600FB7519 /* right_arrow_HL@2x.png in Resources */ = {isa = PBXBuildFile; fileRef = 2CBDD0401BDF650600FB7519 /* right_arrow_HL@2x.png */; };
		2CBDD0F71BDF650600FB7519 /* close.png in Resources */ = {isa = PBXBuildFile; fileRef = 2CBDD0421BDF650600FB7519 /* close.png */; };
		2CBDD0F81BDF650600FB7519 /* close@2x.png in Resources */ = {isa = PBXBuildFile; fileRef = 2CBDD0431BDF650600FB7519 /* close@2x.png */; };
		2CBDD0F91BDF650600FB7519 /* close_HL.png in Resources */ = {isa = PBXBuildFile; fileRef = 2CBDD0441BDF650600FB7519 /* close_HL.png */; };
		2CBDD0FA1BDF650600FB7519 /* close_HL@2x.png in Resources */ = {isa = PBXBuildFile; fileRef = 2CBDD0451BDF650600FB7519 /* close_HL@2x.png */; };
		2CBDD0FB1BDF650600FB7519 /* note_cell_bkg.png in Resources */ = {isa = PBXBuildFile; fileRef = 2CBDD0461BDF650600FB7519 /* note_cell_bkg.png */; };
		2CBDD0FC1BDF650600FB7519 /* note_cell_bkg@2x.png in Resources */ = {isa = PBXBuildFile; fileRef = 2CBDD0471BDF650600FB7519 /* note_cell_bkg@2x.png */; };
		2CBDD0FD1BDF650600FB7519 /* password.png in Resources */ = {isa = PBXBuildFile; fileRef = 2CBDD0491BDF650600FB7519 /* password.png */; };
		2CBDD0FE1BDF650600FB7519 /* password@2x.png in Resources */ = {isa = PBXBuildFile; fileRef = 2CBDD04A1BDF650600FB7519 /* password@2x.png */; };
		2CBDD0FF1BDF650600FB7519 /* password_highlighted.png in Resources */ = {isa = PBXBuildFile; fileRef = 2CBDD04B1BDF650600FB7519 /* password_highlighted.png */; };
		2CBDD1001BDF650600FB7519 /* password_highlighted@2x.png in Resources */ = {isa = PBXBuildFile; fileRef = 2CBDD04C1BDF650600FB7519 /* password_highlighted@2x.png */; };
		2CBDD1011BDF650600FB7519 /* tick.png in Resources */ = {isa = PBXBuildFile; fileRef = 2CBDD04E1BDF650600FB7519 /* tick.png */; };
		2CBDD1021BDF650600FB7519 /* tick@2x.png in Resources */ = {isa = PBXBuildFile; fileRef = 2CBDD04F1BDF650600FB7519 /* tick@2x.png */; };
		2CBDD1031BDF650600FB7519 /* version_btn_bkg.png in Resources */ = {isa = PBXBuildFile; fileRef = 2CBDD0511BDF650600FB7519 /* version_btn_bkg.png */; };
		2CBDD1041BDF650600FB7519 /* version_btn_bkg@2x.png in Resources */ = {isa = PBXBuildFile; fileRef = 2CBDD0521BDF650600FB7519 /* version_btn_bkg@2x.png */; };
		2CBDD1051BDF650600FB7519 /* version_btn_bkg_HL.png in Resources */ = {isa = PBXBuildFile; fileRef = 2CBDD0531BDF650600FB7519 /* version_btn_bkg_HL.png */; };
		2CBDD1061BDF650600FB7519 /* version_btn_bkg_HL@2x.png in Resources */ = {isa = PBXBuildFile; fileRef = 2CBDD0541BDF650600FB7519 /* version_btn_bkg_HL@2x.png */; };
		2CBDD1071BDF650600FB7519 /* FeedbacksViewController.m in Sources */ = {isa = PBXBuildFile; fileRef = 2CBDD0591BDF650600FB7519 /* FeedbacksViewController.m */; };
		2CBDD1081BDF650600FB7519 /* MenuTableViewCell.m in Sources */ = {isa = PBXBuildFile; fileRef = 2CBDD05B1BDF650600FB7519 /* MenuTableViewCell.m */; };
		2CBDD1091BDF650600FB7519 /* MenuViewController.m in Sources */ = {isa = PBXBuildFile; fileRef = 2CBDD05D1BDF650600FB7519 /* MenuViewController.m */; };
		2CBDD10A1BDF650600FB7519 /* ReminderDetailedViewController.m in Sources */ = {isa = PBXBuildFile; fileRef = 2CBDD0601BDF650600FB7519 /* ReminderDetailedViewController.m */; };
		2CBDD10B1BDF650600FB7519 /* ReminderViewCell.m in Sources */ = {isa = PBXBuildFile; fileRef = 2CBDD0621BDF650600FB7519 /* ReminderViewCell.m */; };
		2CBDD10C1BDF650600FB7519 /* ReminderViewCell.xib in Resources */ = {isa = PBXBuildFile; fileRef = 2CBDD0631BDF650600FB7519 /* ReminderViewCell.xib */; };
		2CBDD10D1BDF650600FB7519 /* ReminderViewController.m in Sources */ = {isa = PBXBuildFile; fileRef = 2CBDD0651BDF650600FB7519 /* ReminderViewController.m */; };
		2CBDD10E1BDF650600FB7519 /* RevertNoteListDetailedViewController.m in Sources */ = {isa = PBXBuildFile; fileRef = 2CBDD0691BDF650600FB7519 /* RevertNoteListDetailedViewController.m */; };
		2CBDD10F1BDF650600FB7519 /* RevertNoteListViewController.m in Sources */ = {isa = PBXBuildFile; fileRef = 2CBDD06B1BDF650600FB7519 /* RevertNoteListViewController.m */; };
		2CBDD1101BDF650600FB7519 /* RevertVersionTableViewCell.m in Sources */ = {isa = PBXBuildFile; fileRef = 2CBDD06D1BDF650600FB7519 /* RevertVersionTableViewCell.m */; };
		2CBDD1111BDF650600FB7519 /* RevertVersionTableViewCell.xib in Resources */ = {isa = PBXBuildFile; fileRef = 2CBDD06E1BDF650600FB7519 /* RevertVersionTableViewCell.xib */; };
		2CBDD1121BDF650600FB7519 /* RevertVersionViewController.m in Sources */ = {isa = PBXBuildFile; fileRef = 2CBDD0701BDF650600FB7519 /* RevertVersionViewController.m */; };
		2CBDD1131BDF650600FB7519 /* SaveVersion.xib in Resources */ = {isa = PBXBuildFile; fileRef = 2CBDD0721BDF650600FB7519 /* SaveVersion.xib */; };
		2CBDD1141BDF650600FB7519 /* SaveVersionViewController.m in Sources */ = {isa = PBXBuildFile; fileRef = 2CBDD0741BDF650600FB7519 /* SaveVersionViewController.m */; };
		2CBDD1151BDF650600FB7519 /* SettingFontSizeDetailCell.m in Sources */ = {isa = PBXBuildFile; fileRef = 2CBDD0781BDF650600FB7519 /* SettingFontSizeDetailCell.m */; };
		2CBDD1161BDF650600FB7519 /* SettingFontSizeDetailCell.xib in Resources */ = {isa = PBXBuildFile; fileRef = 2CBDD0791BDF650600FB7519 /* SettingFontSizeDetailCell.xib */; };
		2CBDD1171BDF650600FB7519 /* SettingFontSizeViewController.m in Sources */ = {isa = PBXBuildFile; fileRef = 2CBDD07B1BDF650600FB7519 /* SettingFontSizeViewController.m */; };
		2CBDD1181BDF650600FB7519 /* ChangPasswordViewController.m in Sources */ = {isa = PBXBuildFile; fileRef = 2CBDD07E1BDF650600FB7519 /* ChangPasswordViewController.m */; };
		2CBDD1191BDF650600FB7519 /* OpenClosePasswordViewController.m in Sources */ = {isa = PBXBuildFile; fileRef = 2CBDD0801BDF650600FB7519 /* OpenClosePasswordViewController.m */; };
		2CBDD11A1BDF650600FB7519 /* SettingPasswordCell.m in Sources */ = {isa = PBXBuildFile; fileRef = 2CBDD0821BDF650600FB7519 /* SettingPasswordCell.m */; };
		2CBDD11B1BDF650600FB7519 /* SettingPasswordCell.xib in Resources */ = {isa = PBXBuildFile; fileRef = 2CBDD0831BDF650600FB7519 /* SettingPasswordCell.xib */; };
		2CBDD11C1BDF650600FB7519 /* SettingViewController.m in Sources */ = {isa = PBXBuildFile; fileRef = 2CBDD0851BDF650600FB7519 /* SettingViewController.m */; };
		2CBDD11D1BDF650600FB7519 /* NoteListDetailedViewController.m in Sources */ = {isa = PBXBuildFile; fileRef = 2CBDD0881BDF650600FB7519 /* NoteListDetailedViewController.m */; };
		2CBDD11E1BDF650600FB7519 /* NoteListNewCell.m in Sources */ = {isa = PBXBuildFile; fileRef = 2CBDD08A1BDF650600FB7519 /* NoteListNewCell.m */; };
		2CBDD11F1BDF650600FB7519 /* NoteListViewCell.m in Sources */ = {isa = PBXBuildFile; fileRef = 2CBDD08C1BDF650600FB7519 /* NoteListViewCell.m */; };
		2CBDD1201BDF650600FB7519 /* NoteListViewController.m in Sources */ = {isa = PBXBuildFile; fileRef = 2CBDD08E1BDF650600FB7519 /* NoteListViewController.m */; };
		2CBDD1211BDF650600FB7519 /* PasswordHelper.m in Sources */ = {isa = PBXBuildFile; fileRef = 2CBDD0911BDF650600FB7519 /* PasswordHelper.m */; };
		2CBDD1221BDF650600FB7519 /* PasswordViewController.m in Sources */ = {isa = PBXBuildFile; fileRef = 2CBDD0931BDF650600FB7519 /* PasswordViewController.m */; };
		2CBDD1231BDF650600FB7519 /* AESCrypt.m in Sources */ = {isa = PBXBuildFile; fileRef = 2CBDD0971BDF650600FB7519 /* AESCrypt.m */; settings = {COMPILER_FLAGS = "-fno-objc-arc -w"; }; };
		2CBDD1241BDF650600FB7519 /* NSData+Base64.m in Sources */ = {isa = PBXBuildFile; fileRef = 2CBDD0991BDF650600FB7519 /* NSData+Base64.m */; };
		2CBDD1251BDF650600FB7519 /* NSData+CommonCrypto.m in Sources */ = {isa = PBXBuildFile; fileRef = 2CBDD09B1BDF650600FB7519 /* NSData+CommonCrypto.m */; settings = {COMPILER_FLAGS = "-fno-objc-arc"; }; };
		2CBDD1261BDF650600FB7519 /* NSString+Base64.m in Sources */ = {isa = PBXBuildFile; fileRef = 2CBDD09D1BDF650600FB7519 /* NSString+Base64.m */; };
		2CBDD1281BDF650700FB7519 /* LSCollectionViewHelper.m in Sources */ = {isa = PBXBuildFile; fileRef = 2CBDD0A31BDF650600FB7519 /* LSCollectionViewHelper.m */; };
		2CBDD1291BDF650700FB7519 /* LSCollectionViewLayoutHelper.m in Sources */ = {isa = PBXBuildFile; fileRef = 2CBDD0A51BDF650600FB7519 /* LSCollectionViewLayoutHelper.m */; };
		2CBDD12A1BDF650700FB7519 /* DraggableCollectionViewFlowLayout.m in Sources */ = {isa = PBXBuildFile; fileRef = 2CBDD0A81BDF650600FB7519 /* DraggableCollectionViewFlowLayout.m */; };
		2CBDD12B1BDF650700FB7519 /* UICollectionView+Draggable.m in Sources */ = {isa = PBXBuildFile; fileRef = 2CBDD0AA1BDF650600FB7519 /* UICollectionView+Draggable.m */; };
		2CBDD12C1BDF650700FB7519 /* JSONKit.m in Sources */ = {isa = PBXBuildFile; fileRef = 2CBDD0AF1BDF650600FB7519 /* JSONKit.m */; settings = {COMPILER_FLAGS = "-fno-objc-arc"; }; };
		2CBDD12F1BDF650700FB7519 /* MBProgressHUD.m in Sources */ = {isa = PBXBuildFile; fileRef = 2CBDD0B71BDF650600FB7519 /* MBProgressHUD.m */; };
		2CBDD1301BDF650700FB7519 /* MJCircleLayer.m in Sources */ = {isa = PBXBuildFile; fileRef = 2CBDD0BA1BDF650600FB7519 /* MJCircleLayer.m */; };
		2CBDD1311BDF650700FB7519 /* MJPasswordView.m in Sources */ = {isa = PBXBuildFile; fileRef = 2CBDD0BC1BDF650600FB7519 /* MJPasswordView.m */; };
		2CBDD1321BDF650700FB7519 /* MJPathLayer.m in Sources */ = {isa = PBXBuildFile; fileRef = 2CBDD0BE1BDF650600FB7519 /* MJPathLayer.m */; };
		2CBDD14B1BDF672200FB7519 /* InfoPlist.strings in Resources */ = {isa = PBXBuildFile; fileRef = 2CBDD13C1BDF672200FB7519 /* InfoPlist.strings */; };
		2CBDD14C1BDF672200FB7519 /* Localizable.strings in Resources */ = {isa = PBXBuildFile; fileRef = 2CBDD13E1BDF672200FB7519 /* Localizable.strings */; };
		2CBDD14D1BDF672200FB7519 /* LocalizableViewController.xib in Resources */ = {isa = PBXBuildFile; fileRef = 2CBDD1401BDF672200FB7519 /* LocalizableViewController.xib */; };
		2CBDD1531BDF6B7F00FB7519 /* MGSwipeButton.m in Sources */ = {isa = PBXBuildFile; fileRef = 2CBDD1501BDF6B7F00FB7519 /* MGSwipeButton.m */; };
		2CBDD1541BDF6B7F00FB7519 /* MGSwipeTableCell.m in Sources */ = {isa = PBXBuildFile; fileRef = 2CBDD1521BDF6B7F00FB7519 /* MGSwipeTableCell.m */; };
/* End PBXBuildFile section */

/* Begin PBXFileReference section */
		2C2B4F861BBB73F20068C1D5 /* NoteBook.app */ = {isa = PBXFileReference; explicitFileType = wrapper.application; includeInIndex = 0; path = NoteBook.app; sourceTree = BUILT_PRODUCTS_DIR; };
		2C2B4F8A1BBB73F20068C1D5 /* main.m */ = {isa = PBXFileReference; lastKnownFileType = sourcecode.c.objc; path = main.m; sourceTree = "<group>"; };
		2C2B4F8C1BBB73F20068C1D5 /* AppDelegate.h */ = {isa = PBXFileReference; lastKnownFileType = sourcecode.c.h; path = AppDelegate.h; sourceTree = "<group>"; };
		2C2B4F8D1BBB73F20068C1D5 /* AppDelegate.m */ = {isa = PBXFileReference; lastKnownFileType = sourcecode.c.objc; path = AppDelegate.m; sourceTree = "<group>"; };
		2C2B4F8F1BBB73F20068C1D5 /* ViewController.h */ = {isa = PBXFileReference; lastKnownFileType = sourcecode.c.h; path = ViewController.h; sourceTree = "<group>"; };
		2C2B4F901BBB73F20068C1D5 /* ViewController.m */ = {isa = PBXFileReference; lastKnownFileType = sourcecode.c.objc; path = ViewController.m; sourceTree = "<group>"; };
		2C2B4F931BBB73F20068C1D5 /* Base */ = {isa = PBXFileReference; lastKnownFileType = file.storyboard; name = Base; path = Base.lproj/Main.storyboard; sourceTree = "<group>"; };
		2C2B4F951BBB73F20068C1D5 /* Assets.xcassets */ = {isa = PBXFileReference; lastKnownFileType = folder.assetcatalog; path = Assets.xcassets; sourceTree = "<group>"; };
		2C2B4F981BBB73F20068C1D5 /* Base */ = {isa = PBXFileReference; lastKnownFileType = file.storyboard; name = Base; path = Base.lproj/LaunchScreen.storyboard; sourceTree = "<group>"; };
		2C2B4F9A1BBB73F20068C1D5 /* Info.plist */ = {isa = PBXFileReference; lastKnownFileType = text.plist.xml; path = Info.plist; sourceTree = "<group>"; };
		2CBDD0001BDF650600FB7519 /* DefaultViewController.h */ = {isa = PBXFileReference; fileEncoding = 4; lastKnownFileType = sourcecode.c.h; path = DefaultViewController.h; sourceTree = "<group>"; };
		2CBDD0011BDF650600FB7519 /* DefaultViewController.m */ = {isa = PBXFileReference; fileEncoding = 4; lastKnownFileType = sourcecode.c.objc; path = DefaultViewController.m; sourceTree = "<group>"; };
		2CBDD0071BDF650600FB7519 /* CommomColor.h */ = {isa = PBXFileReference; fileEncoding = 4; lastKnownFileType = sourcecode.c.h; path = CommomColor.h; sourceTree = "<group>"; };
		2CBDD0081BDF650600FB7519 /* CommomColor.m */ = {isa = PBXFileReference; fileEncoding = 4; lastKnownFileType = sourcecode.c.objc; path = CommomColor.m; sourceTree = "<group>"; };
		2CBDD00A1BDF650600FB7519 /* CommonTools.h */ = {isa = PBXFileReference; fileEncoding = 4; lastKnownFileType = sourcecode.c.h; path = CommonTools.h; sourceTree = "<group>"; };
		2CBDD00B1BDF650600FB7519 /* CommonTools.m */ = {isa = PBXFileReference; fileEncoding = 4; lastKnownFileType = sourcecode.c.objc; path = CommonTools.m; sourceTree = "<group>"; };
		2CBDD00D1BDF650600FB7519 /* PopView.h */ = {isa = PBXFileReference; fileEncoding = 4; lastKnownFileType = sourcecode.c.h; path = PopView.h; sourceTree = "<group>"; };
		2CBDD00E1BDF650600FB7519 /* PopView.m */ = {isa = PBXFileReference; fileEncoding = 4; lastKnownFileType = sourcecode.c.objc; path = PopView.m; sourceTree = "<group>"; };
		2CBDD0101BDF650600FB7519 /* ReminderHelper.h */ = {isa = PBXFileReference; fileEncoding = 4; lastKnownFileType = sourcecode.c.h; path = ReminderHelper.h; sourceTree = "<group>"; };
		2CBDD0111BDF650600FB7519 /* ReminderHelper.m */ = {isa = PBXFileReference; fileEncoding = 4; lastKnownFileType = sourcecode.c.objc; path = ReminderHelper.m; sourceTree = "<group>"; };
		2CBDD0131BDF650600FB7519 /* SettingHelper.h */ = {isa = PBXFileReference; fileEncoding = 4; lastKnownFileType = sourcecode.c.h; path = SettingHelper.h; sourceTree = "<group>"; };
		2CBDD0141BDF650600FB7519 /* SettingHelper.m */ = {isa = PBXFileReference; fileEncoding = 4; lastKnownFileType = sourcecode.c.objc; path = SettingHelper.m; sourceTree = "<group>"; };
		2CBDD0161BDF650600FB7519 /* StateButton.h */ = {isa = PBXFileReference; fileEncoding = 4; lastKnownFileType = sourcecode.c.h; path = StateButton.h; sourceTree = "<group>"; };
		2CBDD0171BDF650600FB7519 /* StateButton.m */ = {isa = PBXFileReference; fileEncoding = 4; lastKnownFileType = sourcecode.c.objc; path = StateButton.m; sourceTree = "<group>"; };
		2CBDD0191BDF650600FB7519 /* AVODefines.h */ = {isa = PBXFileReference; fileEncoding = 4; lastKnownFileType = sourcecode.c.h; path = AVODefines.h; sourceTree = "<group>"; };
		2CBDD01A1BDF650600FB7519 /* CommonDefines.h */ = {isa = PBXFileReference; fileEncoding = 4; lastKnownFileType = sourcecode.c.h; path = CommonDefines.h; sourceTree = "<group>"; };
		2CBDD01C1BDF650600FB7519 /* DataModel.h */ = {isa = PBXFileReference; fileEncoding = 4; lastKnownFileType = sourcecode.c.h; path = DataModel.h; sourceTree = "<group>"; };
		2CBDD01D1BDF650600FB7519 /* DataModel.m */ = {isa = PBXFileReference; fileEncoding = 4; lastKnownFileType = sourcecode.c.objc; path = DataModel.m; sourceTree = "<group>"; };
		2CBDD01E1BDF650600FB7519 /* ItemModel.h */ = {isa = PBXFileReference; fileEncoding = 4; lastKnownFileType = sourcecode.c.h; path = ItemModel.h; sourceTree = "<group>"; };
		2CBDD01F1BDF650600FB7519 /* ItemModel.m */ = {isa = PBXFileReference; fileEncoding = 4; lastKnownFileType = sourcecode.c.objc; path = ItemModel.m; sourceTree = "<group>"; };
		2CBDD0201BDF650600FB7519 /* LocalVersion.h */ = {isa = PBXFileReference; fileEncoding = 4; lastKnownFileType = sourcecode.c.h; path = LocalVersion.h; sourceTree = "<group>"; };
		2CBDD0211BDF650600FB7519 /* LocalVersion.m */ = {isa = PBXFileReference; fileEncoding = 4; lastKnownFileType = sourcecode.c.objc; path = LocalVersion.m; sourceTree = "<group>"; };
		2CBDD0241BDF650600FB7519 /* icon.png */ = {isa = PBXFileReference; lastKnownFileType = image.png; path = icon.png; sourceTree = "<group>"; };
		2CBDD0251BDF650600FB7519 /* icon120.png */ = {isa = PBXFileReference; lastKnownFileType = image.png; path = icon120.png; sourceTree = "<group>"; };
		2CBDD0261BDF650600FB7519 /* icon152.png */ = {isa = PBXFileReference; lastKnownFileType = image.png; path = icon152.png; sourceTree = "<group>"; };
		2CBDD0271BDF650600FB7519 /* icon29.png */ = {isa = PBXFileReference; lastKnownFileType = image.png; path = icon29.png; sourceTree = "<group>"; };
		2CBDD0281BDF650600FB7519 /* icon40.png */ = {isa = PBXFileReference; lastKnownFileType = image.png; path = icon40.png; sourceTree = "<group>"; };
		2CBDD0291BDF650600FB7519 /* icon58.png */ = {isa = PBXFileReference; lastKnownFileType = image.png; path = icon58.png; sourceTree = "<group>"; };
		2CBDD02A1BDF650600FB7519 /* icon76.png */ = {isa = PBXFileReference; lastKnownFileType = image.png; path = icon76.png; sourceTree = "<group>"; };
		2CBDD02B1BDF650600FB7519 /* icon80.png */ = {isa = PBXFileReference; lastKnownFileType = image.png; path = icon80.png; sourceTree = "<group>"; };
		2CBDD02D1BDF650600FB7519 /* back_bkg.png */ = {isa = PBXFileReference; lastKnownFileType = image.png; path = back_bkg.png; sourceTree = "<group>"; };
		2CBDD02E1BDF650600FB7519 /* back_bkg@2x.png */ = {isa = PBXFileReference; lastKnownFileType = image.png; path = "back_bkg@2x.png"; sourceTree = "<group>"; };
		2CBDD02F1BDF650600FB7519 /* back_bkg_HL.png */ = {isa = PBXFileReference; lastKnownFileType = image.png; path = back_bkg_HL.png; sourceTree = "<group>"; };
		2CBDD0301BDF650600FB7519 /* back_bkg_HL@2x.png */ = {isa = PBXFileReference; lastKnownFileType = image.png; path = "back_bkg_HL@2x.png"; sourceTree = "<group>"; };
		2CBDD0311BDF650600FB7519 /* btn_bkg.png */ = {isa = PBXFileReference; lastKnownFileType = image.png; path = btn_bkg.png; sourceTree = "<group>"; };
		2CBDD0321BDF650600FB7519 /* btn_bkg@2x.png */ = {isa = PBXFileReference; lastKnownFileType = image.png; path = "btn_bkg@2x.png"; sourceTree = "<group>"; };
		2CBDD0331BDF650600FB7519 /* btn_bkg_highlighted.png */ = {isa = PBXFileReference; lastKnownFileType = image.png; path = btn_bkg_highlighted.png; sourceTree = "<group>"; };
		2CBDD0341BDF650600FB7519 /* btn_bkg_highlighted@2x.png */ = {isa = PBXFileReference; lastKnownFileType = image.png; path = "btn_bkg_highlighted@2x.png"; sourceTree = "<group>"; };
		2CBDD0351BDF650600FB7519 /* delete.png */ = {isa = PBXFileReference; lastKnownFileType = image.png; path = delete.png; sourceTree = "<group>"; };
		2CBDD0361BDF650600FB7519 /* delete@2x.png */ = {isa = PBXFileReference; lastKnownFileType = image.png; path = "delete@2x.png"; sourceTree = "<group>"; };
		2CBDD0371BDF650600FB7519 /* navi_back.png */ = {isa = PBXFileReference; lastKnownFileType = image.png; path = navi_back.png; sourceTree = "<group>"; };
		2CBDD0381BDF650600FB7519 /* navi_back@2x.png */ = {isa = PBXFileReference; lastKnownFileType = image.png; path = "navi_back@2x.png"; sourceTree = "<group>"; };
		2CBDD0391BDF650600FB7519 /* navi_back_highlighted.png */ = {isa = PBXFileReference; lastKnownFileType = image.png; path = navi_back_highlighted.png; sourceTree = "<group>"; };
		2CBDD03A1BDF650600FB7519 /* navi_back_highlighted@2x.png */ = {isa = PBXFileReference; lastKnownFileType = image.png; path = "navi_back_highlighted@2x.png"; sourceTree = "<group>"; };
		2CBDD03B1BDF650600FB7519 /* red_dot.png */ = {isa = PBXFileReference; lastKnownFileType = image.png; path = red_dot.png; sourceTree = "<group>"; };
		2CBDD03C1BDF650600FB7519 /* red_dot@2x.png */ = {isa = PBXFileReference; lastKnownFileType = image.png; path = "red_dot@2x.png"; sourceTree = "<group>"; };
		2CBDD03D1BDF650600FB7519 /* right_arrow.png */ = {isa = PBXFileReference; lastKnownFileType = image.png; path = right_arrow.png; sourceTree = "<group>"; };
		2CBDD03E1BDF650600FB7519 /* right_arrow@2x.png */ = {isa = PBXFileReference; lastKnownFileType = image.png; path = "right_arrow@2x.png"; sourceTree = "<group>"; };
		2CBDD03F1BDF650600FB7519 /* right_arrow_HL.png */ = {isa = PBXFileReference; lastKnownFileType = image.png; path = right_arrow_HL.png; sourceTree = "<group>"; };
		2CBDD0401BDF650600FB7519 /* right_arrow_HL@2x.png */ = {isa = PBXFileReference; lastKnownFileType = image.png; path = "right_arrow_HL@2x.png"; sourceTree = "<group>"; };
		2CBDD0421BDF650600FB7519 /* close.png */ = {isa = PBXFileReference; lastKnownFileType = image.png; path = close.png; sourceTree = "<group>"; };
		2CBDD0431BDF650600FB7519 /* close@2x.png */ = {isa = PBXFileReference; lastKnownFileType = image.png; path = "close@2x.png"; sourceTree = "<group>"; };
		2CBDD0441BDF650600FB7519 /* close_HL.png */ = {isa = PBXFileReference; lastKnownFileType = image.png; path = close_HL.png; sourceTree = "<group>"; };
		2CBDD0451BDF650600FB7519 /* close_HL@2x.png */ = {isa = PBXFileReference; lastKnownFileType = image.png; path = "close_HL@2x.png"; sourceTree = "<group>"; };
		2CBDD0461BDF650600FB7519 /* note_cell_bkg.png */ = {isa = PBXFileReference; lastKnownFileType = image.png; path = note_cell_bkg.png; sourceTree = "<group>"; };
		2CBDD0471BDF650600FB7519 /* note_cell_bkg@2x.png */ = {isa = PBXFileReference; lastKnownFileType = image.png; path = "note_cell_bkg@2x.png"; sourceTree = "<group>"; };
		2CBDD0491BDF650600FB7519 /* password.png */ = {isa = PBXFileReference; lastKnownFileType = image.png; path = password.png; sourceTree = "<group>"; };
		2CBDD04A1BDF650600FB7519 /* password@2x.png */ = {isa = PBXFileReference; lastKnownFileType = image.png; path = "password@2x.png"; sourceTree = "<group>"; };
		2CBDD04B1BDF650600FB7519 /* password_highlighted.png */ = {isa = PBXFileReference; lastKnownFileType = image.png; path = password_highlighted.png; sourceTree = "<group>"; };
		2CBDD04C1BDF650600FB7519 /* password_highlighted@2x.png */ = {isa = PBXFileReference; lastKnownFileType = image.png; path = "password_highlighted@2x.png"; sourceTree = "<group>"; };
		2CBDD04E1BDF650600FB7519 /* tick.png */ = {isa = PBXFileReference; lastKnownFileType = image.png; path = tick.png; sourceTree = "<group>"; };
		2CBDD04F1BDF650600FB7519 /* tick@2x.png */ = {isa = PBXFileReference; lastKnownFileType = image.png; path = "tick@2x.png"; sourceTree = "<group>"; };
		2CBDD0511BDF650600FB7519 /* version_btn_bkg.png */ = {isa = PBXFileReference; lastKnownFileType = image.png; path = version_btn_bkg.png; sourceTree = "<group>"; };
		2CBDD0521BDF650600FB7519 /* version_btn_bkg@2x.png */ = {isa = PBXFileReference; lastKnownFileType = image.png; path = "version_btn_bkg@2x.png"; sourceTree = "<group>"; };
		2CBDD0531BDF650600FB7519 /* version_btn_bkg_HL.png */ = {isa = PBXFileReference; lastKnownFileType = image.png; path = version_btn_bkg_HL.png; sourceTree = "<group>"; };
		2CBDD0541BDF650600FB7519 /* version_btn_bkg_HL@2x.png */ = {isa = PBXFileReference; lastKnownFileType = image.png; path = "version_btn_bkg_HL@2x.png"; sourceTree = "<group>"; };
		2CBDD0581BDF650600FB7519 /* FeedbacksViewController.h */ = {isa = PBXFileReference; fileEncoding = 4; lastKnownFileType = sourcecode.c.h; path = FeedbacksViewController.h; sourceTree = "<group>"; };
		2CBDD0591BDF650600FB7519 /* FeedbacksViewController.m */ = {isa = PBXFileReference; fileEncoding = 4; lastKnownFileType = sourcecode.c.objc; path = FeedbacksViewController.m; sourceTree = "<group>"; };
		2CBDD05A1BDF650600FB7519 /* MenuTableViewCell.h */ = {isa = PBXFileReference; fileEncoding = 4; lastKnownFileType = sourcecode.c.h; path = MenuTableViewCell.h; sourceTree = "<group>"; };
		2CBDD05B1BDF650600FB7519 /* MenuTableViewCell.m */ = {isa = PBXFileReference; fileEncoding = 4; lastKnownFileType = sourcecode.c.objc; path = MenuTableViewCell.m; sourceTree = "<group>"; };
		2CBDD05C1BDF650600FB7519 /* MenuViewController.h */ = {isa = PBXFileReference; fileEncoding = 4; lastKnownFileType = sourcecode.c.h; path = MenuViewController.h; sourceTree = "<group>"; };
		2CBDD05D1BDF650600FB7519 /* MenuViewController.m */ = {isa = PBXFileReference; fileEncoding = 4; lastKnownFileType = sourcecode.c.objc; path = MenuViewController.m; sourceTree = "<group>"; };
		2CBDD05F1BDF650600FB7519 /* ReminderDetailedViewController.h */ = {isa = PBXFileReference; fileEncoding = 4; lastKnownFileType = sourcecode.c.h; path = ReminderDetailedViewController.h; sourceTree = "<group>"; };
		2CBDD0601BDF650600FB7519 /* ReminderDetailedViewController.m */ = {isa = PBXFileReference; fileEncoding = 4; lastKnownFileType = sourcecode.c.objc; path = ReminderDetailedViewController.m; sourceTree = "<group>"; };
		2CBDD0611BDF650600FB7519 /* ReminderViewCell.h */ = {isa = PBXFileReference; fileEncoding = 4; lastKnownFileType = sourcecode.c.h; path = ReminderViewCell.h; sourceTree = "<group>"; };
		2CBDD0621BDF650600FB7519 /* ReminderViewCell.m */ = {isa = PBXFileReference; fileEncoding = 4; lastKnownFileType = sourcecode.c.objc; path = ReminderViewCell.m; sourceTree = "<group>"; };
		2CBDD0631BDF650600FB7519 /* ReminderViewCell.xib */ = {isa = PBXFileReference; fileEncoding = 4; lastKnownFileType = file.xib; path = ReminderViewCell.xib; sourceTree = "<group>"; };
		2CBDD0641BDF650600FB7519 /* ReminderViewController.h */ = {isa = PBXFileReference; fileEncoding = 4; lastKnownFileType = sourcecode.c.h; path = ReminderViewController.h; sourceTree = "<group>"; };
		2CBDD0651BDF650600FB7519 /* ReminderViewController.m */ = {isa = PBXFileReference; fileEncoding = 4; lastKnownFileType = sourcecode.c.objc; path = ReminderViewController.m; sourceTree = "<group>"; };
		2CBDD0681BDF650600FB7519 /* RevertNoteListDetailedViewController.h */ = {isa = PBXFileReference; fileEncoding = 4; lastKnownFileType = sourcecode.c.h; path = RevertNoteListDetailedViewController.h; sourceTree = "<group>"; };
		2CBDD0691BDF650600FB7519 /* RevertNoteListDetailedViewController.m */ = {isa = PBXFileReference; fileEncoding = 4; lastKnownFileType = sourcecode.c.objc; path = RevertNoteListDetailedViewController.m; sourceTree = "<group>"; };
		2CBDD06A1BDF650600FB7519 /* RevertNoteListViewController.h */ = {isa = PBXFileReference; fileEncoding = 4; lastKnownFileType = sourcecode.c.h; path = RevertNoteListViewController.h; sourceTree = "<group>"; };
		2CBDD06B1BDF650600FB7519 /* RevertNoteListViewController.m */ = {isa = PBXFileReference; fileEncoding = 4; lastKnownFileType = sourcecode.c.objc; path = RevertNoteListViewController.m; sourceTree = "<group>"; };
		2CBDD06C1BDF650600FB7519 /* RevertVersionTableViewCell.h */ = {isa = PBXFileReference; fileEncoding = 4; lastKnownFileType = sourcecode.c.h; path = RevertVersionTableViewCell.h; sourceTree = "<group>"; };
		2CBDD06D1BDF650600FB7519 /* RevertVersionTableViewCell.m */ = {isa = PBXFileReference; fileEncoding = 4; lastKnownFileType = sourcecode.c.objc; path = RevertVersionTableViewCell.m; sourceTree = "<group>"; };
		2CBDD06E1BDF650600FB7519 /* RevertVersionTableViewCell.xib */ = {isa = PBXFileReference; fileEncoding = 4; lastKnownFileType = file.xib; path = RevertVersionTableViewCell.xib; sourceTree = "<group>"; };
		2CBDD06F1BDF650600FB7519 /* RevertVersionViewController.h */ = {isa = PBXFileReference; fileEncoding = 4; lastKnownFileType = sourcecode.c.h; path = RevertVersionViewController.h; sourceTree = "<group>"; };
		2CBDD0701BDF650600FB7519 /* RevertVersionViewController.m */ = {isa = PBXFileReference; fileEncoding = 4; lastKnownFileType = sourcecode.c.objc; path = RevertVersionViewController.m; sourceTree = "<group>"; };
		2CBDD0721BDF650600FB7519 /* SaveVersion.xib */ = {isa = PBXFileReference; fileEncoding = 4; lastKnownFileType = file.xib; path = SaveVersion.xib; sourceTree = "<group>"; };
		2CBDD0731BDF650600FB7519 /* SaveVersionViewController.h */ = {isa = PBXFileReference; fileEncoding = 4; lastKnownFileType = sourcecode.c.h; path = SaveVersionViewController.h; sourceTree = "<group>"; };
		2CBDD0741BDF650600FB7519 /* SaveVersionViewController.m */ = {isa = PBXFileReference; fileEncoding = 4; lastKnownFileType = sourcecode.c.objc; path = SaveVersionViewController.m; sourceTree = "<group>"; };
		2CBDD0771BDF650600FB7519 /* SettingFontSizeDetailCell.h */ = {isa = PBXFileReference; fileEncoding = 4; lastKnownFileType = sourcecode.c.h; path = SettingFontSizeDetailCell.h; sourceTree = "<group>"; };
		2CBDD0781BDF650600FB7519 /* SettingFontSizeDetailCell.m */ = {isa = PBXFileReference; fileEncoding = 4; lastKnownFileType = sourcecode.c.objc; path = SettingFontSizeDetailCell.m; sourceTree = "<group>"; };
		2CBDD0791BDF650600FB7519 /* SettingFontSizeDetailCell.xib */ = {isa = PBXFileReference; fileEncoding = 4; lastKnownFileType = file.xib; path = SettingFontSizeDetailCell.xib; sourceTree = "<group>"; };
		2CBDD07A1BDF650600FB7519 /* SettingFontSizeViewController.h */ = {isa = PBXFileReference; fileEncoding = 4; lastKnownFileType = sourcecode.c.h; path = SettingFontSizeViewController.h; sourceTree = "<group>"; };
		2CBDD07B1BDF650600FB7519 /* SettingFontSizeViewController.m */ = {isa = PBXFileReference; fileEncoding = 4; lastKnownFileType = sourcecode.c.objc; path = SettingFontSizeViewController.m; sourceTree = "<group>"; };
		2CBDD07D1BDF650600FB7519 /* ChangPasswordViewController.h */ = {isa = PBXFileReference; fileEncoding = 4; lastKnownFileType = sourcecode.c.h; path = ChangPasswordViewController.h; sourceTree = "<group>"; };
		2CBDD07E1BDF650600FB7519 /* ChangPasswordViewController.m */ = {isa = PBXFileReference; fileEncoding = 4; lastKnownFileType = sourcecode.c.objc; path = ChangPasswordViewController.m; sourceTree = "<group>"; };
		2CBDD07F1BDF650600FB7519 /* OpenClosePasswordViewController.h */ = {isa = PBXFileReference; fileEncoding = 4; lastKnownFileType = sourcecode.c.h; path = OpenClosePasswordViewController.h; sourceTree = "<group>"; };
		2CBDD0801BDF650600FB7519 /* OpenClosePasswordViewController.m */ = {isa = PBXFileReference; fileEncoding = 4; lastKnownFileType = sourcecode.c.objc; path = OpenClosePasswordViewController.m; sourceTree = "<group>"; };
		2CBDD0811BDF650600FB7519 /* SettingPasswordCell.h */ = {isa = PBXFileReference; fileEncoding = 4; lastKnownFileType = sourcecode.c.h; path = SettingPasswordCell.h; sourceTree = "<group>"; };
		2CBDD0821BDF650600FB7519 /* SettingPasswordCell.m */ = {isa = PBXFileReference; fileEncoding = 4; lastKnownFileType = sourcecode.c.objc; path = SettingPasswordCell.m; sourceTree = "<group>"; };
		2CBDD0831BDF650600FB7519 /* SettingPasswordCell.xib */ = {isa = PBXFileReference; fileEncoding = 4; lastKnownFileType = file.xib; path = SettingPasswordCell.xib; sourceTree = "<group>"; };
		2CBDD0841BDF650600FB7519 /* SettingViewController.h */ = {isa = PBXFileReference; fileEncoding = 4; lastKnownFileType = sourcecode.c.h; path = SettingViewController.h; sourceTree = "<group>"; };
		2CBDD0851BDF650600FB7519 /* SettingViewController.m */ = {isa = PBXFileReference; fileEncoding = 4; lastKnownFileType = sourcecode.c.objc; path = SettingViewController.m; sourceTree = "<group>"; };
		2CBDD0871BDF650600FB7519 /* NoteListDetailedViewController.h */ = {isa = PBXFileReference; fileEncoding = 4; lastKnownFileType = sourcecode.c.h; path = NoteListDetailedViewController.h; sourceTree = "<group>"; };
		2CBDD0881BDF650600FB7519 /* NoteListDetailedViewController.m */ = {isa = PBXFileReference; fileEncoding = 4; lastKnownFileType = sourcecode.c.objc; path = NoteListDetailedViewController.m; sourceTree = "<group>"; };
		2CBDD0891BDF650600FB7519 /* NoteListNewCell.h */ = {isa = PBXFileReference; fileEncoding = 4; lastKnownFileType = sourcecode.c.h; path = NoteListNewCell.h; sourceTree = "<group>"; };
		2CBDD08A1BDF650600FB7519 /* NoteListNewCell.m */ = {isa = PBXFileReference; fileEncoding = 4; lastKnownFileType = sourcecode.c.objc; path = NoteListNewCell.m; sourceTree = "<group>"; };
		2CBDD08B1BDF650600FB7519 /* NoteListViewCell.h */ = {isa = PBXFileReference; fileEncoding = 4; lastKnownFileType = sourcecode.c.h; path = NoteListViewCell.h; sourceTree = "<group>"; };
		2CBDD08C1BDF650600FB7519 /* NoteListViewCell.m */ = {isa = PBXFileReference; fileEncoding = 4; lastKnownFileType = sourcecode.c.objc; path = NoteListViewCell.m; sourceTree = "<group>"; };
		2CBDD08D1BDF650600FB7519 /* NoteListViewController.h */ = {isa = PBXFileReference; fileEncoding = 4; lastKnownFileType = sourcecode.c.h; path = NoteListViewController.h; sourceTree = "<group>"; };
		2CBDD08E1BDF650600FB7519 /* NoteListViewController.m */ = {isa = PBXFileReference; fileEncoding = 4; lastKnownFileType = sourcecode.c.objc; path = NoteListViewController.m; sourceTree = "<group>"; };
		2CBDD0901BDF650600FB7519 /* PasswordHelper.h */ = {isa = PBXFileReference; fileEncoding = 4; lastKnownFileType = sourcecode.c.h; path = PasswordHelper.h; sourceTree = "<group>"; };
		2CBDD0911BDF650600FB7519 /* PasswordHelper.m */ = {isa = PBXFileReference; fileEncoding = 4; lastKnownFileType = sourcecode.c.objc; path = PasswordHelper.m; sourceTree = "<group>"; };
		2CBDD0921BDF650600FB7519 /* PasswordViewController.h */ = {isa = PBXFileReference; fileEncoding = 4; lastKnownFileType = sourcecode.c.h; path = PasswordViewController.h; sourceTree = "<group>"; };
		2CBDD0931BDF650600FB7519 /* PasswordViewController.m */ = {isa = PBXFileReference; fileEncoding = 4; lastKnownFileType = sourcecode.c.objc; path = PasswordViewController.m; sourceTree = "<group>"; };
		2CBDD0961BDF650600FB7519 /* AESCrypt.h */ = {isa = PBXFileReference; fileEncoding = 4; lastKnownFileType = sourcecode.c.h; path = AESCrypt.h; sourceTree = "<group>"; };
		2CBDD0971BDF650600FB7519 /* AESCrypt.m */ = {isa = PBXFileReference; fileEncoding = 4; lastKnownFileType = sourcecode.c.objc; path = AESCrypt.m; sourceTree = "<group>"; };
		2CBDD0981BDF650600FB7519 /* NSData+Base64.h */ = {isa = PBXFileReference; fileEncoding = 4; lastKnownFileType = sourcecode.c.h; path = "NSData+Base64.h"; sourceTree = "<group>"; };
		2CBDD0991BDF650600FB7519 /* NSData+Base64.m */ = {isa = PBXFileReference; fileEncoding = 4; lastKnownFileType = sourcecode.c.objc; path = "NSData+Base64.m"; sourceTree = "<group>"; };
		2CBDD09A1BDF650600FB7519 /* NSData+CommonCrypto.h */ = {isa = PBXFileReference; fileEncoding = 4; lastKnownFileType = sourcecode.c.h; path = "NSData+CommonCrypto.h"; sourceTree = "<group>"; };
		2CBDD09B1BDF650600FB7519 /* NSData+CommonCrypto.m */ = {isa = PBXFileReference; fileEncoding = 4; lastKnownFileType = sourcecode.c.objc; path = "NSData+CommonCrypto.m"; sourceTree = "<group>"; };
		2CBDD09C1BDF650600FB7519 /* NSString+Base64.h */ = {isa = PBXFileReference; fileEncoding = 4; lastKnownFileType = sourcecode.c.h; path = "NSString+Base64.h"; sourceTree = "<group>"; };
		2CBDD09D1BDF650600FB7519 /* NSString+Base64.m */ = {isa = PBXFileReference; fileEncoding = 4; lastKnownFileType = sourcecode.c.objc; path = "NSString+Base64.m"; sourceTree = "<group>"; };
		2CBDD0A21BDF650600FB7519 /* LSCollectionViewHelper.h */ = {isa = PBXFileReference; fileEncoding = 4; lastKnownFileType = sourcecode.c.h; path = LSCollectionViewHelper.h; sourceTree = "<group>"; };
		2CBDD0A31BDF650600FB7519 /* LSCollectionViewHelper.m */ = {isa = PBXFileReference; fileEncoding = 4; lastKnownFileType = sourcecode.c.objc; path = LSCollectionViewHelper.m; sourceTree = "<group>"; };
		2CBDD0A41BDF650600FB7519 /* LSCollectionViewLayoutHelper.h */ = {isa = PBXFileReference; fileEncoding = 4; lastKnownFileType = sourcecode.c.h; path = LSCollectionViewLayoutHelper.h; sourceTree = "<group>"; };
		2CBDD0A51BDF650600FB7519 /* LSCollectionViewLayoutHelper.m */ = {isa = PBXFileReference; fileEncoding = 4; lastKnownFileType = sourcecode.c.objc; path = LSCollectionViewLayoutHelper.m; sourceTree = "<group>"; };
		2CBDD0A71BDF650600FB7519 /* DraggableCollectionViewFlowLayout.h */ = {isa = PBXFileReference; fileEncoding = 4; lastKnownFileType = sourcecode.c.h; path = DraggableCollectionViewFlowLayout.h; sourceTree = "<group>"; };
		2CBDD0A81BDF650600FB7519 /* DraggableCollectionViewFlowLayout.m */ = {isa = PBXFileReference; fileEncoding = 4; lastKnownFileType = sourcecode.c.objc; path = DraggableCollectionViewFlowLayout.m; sourceTree = "<group>"; };
		2CBDD0A91BDF650600FB7519 /* UICollectionView+Draggable.h */ = {isa = PBXFileReference; fileEncoding = 4; lastKnownFileType = sourcecode.c.h; path = "UICollectionView+Draggable.h"; sourceTree = "<group>"; };
		2CBDD0AA1BDF650600FB7519 /* UICollectionView+Draggable.m */ = {isa = PBXFileReference; fileEncoding = 4; lastKnownFileType = sourcecode.c.objc; path = "UICollectionView+Draggable.m"; sourceTree = "<group>"; };
		2CBDD0AB1BDF650600FB7519 /* UICollectionViewDataSource_Draggable.h */ = {isa = PBXFileReference; fileEncoding = 4; lastKnownFileType = sourcecode.c.h; path = UICollectionViewDataSource_Draggable.h; sourceTree = "<group>"; };
		2CBDD0AC1BDF650600FB7519 /* UICollectionViewLayout_Warpable.h */ = {isa = PBXFileReference; fileEncoding = 4; lastKnownFileType = sourcecode.c.h; path = UICollectionViewLayout_Warpable.h; sourceTree = "<group>"; };
		2CBDD0AE1BDF650600FB7519 /* JSONKit.h */ = {isa = PBXFileReference; fileEncoding = 4; lastKnownFileType = sourcecode.c.h; path = JSONKit.h; sourceTree = "<group>"; };
		2CBDD0AF1BDF650600FB7519 /* JSONKit.m */ = {isa = PBXFileReference; fileEncoding = 4; lastKnownFileType = sourcecode.c.objc; path = JSONKit.m; sourceTree = "<group>"; };
		2CBDD0B61BDF650600FB7519 /* MBProgressHUD.h */ = {isa = PBXFileReference; fileEncoding = 4; lastKnownFileType = sourcecode.c.h; path = MBProgressHUD.h; sourceTree = "<group>"; };
		2CBDD0B71BDF650600FB7519 /* MBProgressHUD.m */ = {isa = PBXFileReference; fileEncoding = 4; lastKnownFileType = sourcecode.c.objc; path = MBProgressHUD.m; sourceTree = "<group>"; };
		2CBDD0B91BDF650600FB7519 /* MJCircleLayer.h */ = {isa = PBXFileReference; fileEncoding = 4; lastKnownFileType = sourcecode.c.h; path = MJCircleLayer.h; sourceTree = "<group>"; };
		2CBDD0BA1BDF650600FB7519 /* MJCircleLayer.m */ = {isa = PBXFileReference; fileEncoding = 4; lastKnownFileType = sourcecode.c.objc; path = MJCircleLayer.m; sourceTree = "<group>"; };
		2CBDD0BB1BDF650600FB7519 /* MJPasswordView.h */ = {isa = PBXFileReference; fileEncoding = 4; lastKnownFileType = sourcecode.c.h; path = MJPasswordView.h; sourceTree = "<group>"; };
		2CBDD0BC1BDF650600FB7519 /* MJPasswordView.m */ = {isa = PBXFileReference; fileEncoding = 4; lastKnownFileType = sourcecode.c.objc; path = MJPasswordView.m; sourceTree = "<group>"; };
		2CBDD0BD1BDF650600FB7519 /* MJPathLayer.h */ = {isa = PBXFileReference; fileEncoding = 4; lastKnownFileType = sourcecode.c.h; path = MJPathLayer.h; sourceTree = "<group>"; };
		2CBDD0BE1BDF650600FB7519 /* MJPathLayer.m */ = {isa = PBXFileReference; fileEncoding = 4; lastKnownFileType = sourcecode.c.objc; path = MJPathLayer.m; sourceTree = "<group>"; };
		2CBDD13A1BDF655C00FB7519 /* NoteBook-Prefix.pch */ = {isa = PBXFileReference; fileEncoding = 4; lastKnownFileType = sourcecode.c.h; path = "NoteBook-Prefix.pch"; sourceTree = "<group>"; };
		2CBDD13D1BDF672200FB7519 /* en */ = {isa = PBXFileReference; lastKnownFileType = text.plist.strings; name = en; path = en.lproj/InfoPlist.strings; sourceTree = "<group>"; };
		2CBDD13F1BDF672200FB7519 /* en */ = {isa = PBXFileReference; lastKnownFileType = text.plist.strings; name = en; path = en.lproj/Localizable.strings; sourceTree = "<group>"; };
		2CBDD1411BDF672200FB7519 /* en */ = {isa = PBXFileReference; lastKnownFileType = file.xib; name = en; path = en.lproj/LocalizableViewController.xib; sourceTree = "<group>"; };
		2CBDD1421BDF672200FB7519 /* ja */ = {isa = PBXFileReference; lastKnownFileType = text.plist.strings; name = ja; path = ja.lproj/InfoPlist.strings; sourceTree = "<group>"; };
		2CBDD1431BDF672200FB7519 /* ja */ = {isa = PBXFileReference; lastKnownFileType = text.plist.strings; name = ja; path = ja.lproj/Localizable.strings; sourceTree = "<group>"; };
		2CBDD1441BDF672200FB7519 /* ja */ = {isa = PBXFileReference; lastKnownFileType = file.xib; name = ja; path = ja.lproj/LocalizableViewController.xib; sourceTree = "<group>"; };
		2CBDD1451BDF672200FB7519 /* zh-Hans */ = {isa = PBXFileReference; lastKnownFileType = text.plist.strings; name = "zh-Hans"; path = "zh-Hans.lproj/InfoPlist.strings"; sourceTree = "<group>"; };
		2CBDD1461BDF672200FB7519 /* zh-Hans */ = {isa = PBXFileReference; lastKnownFileType = text.plist.strings; name = "zh-Hans"; path = "zh-Hans.lproj/Localizable.strings"; sourceTree = "<group>"; };
		2CBDD1471BDF672200FB7519 /* zh-Hans */ = {isa = PBXFileReference; lastKnownFileType = file.xib; name = "zh-Hans"; path = "zh-Hans.lproj/LocalizableViewController.xib"; sourceTree = "<group>"; };
		2CBDD1481BDF672200FB7519 /* zh-Hant */ = {isa = PBXFileReference; lastKnownFileType = text.plist.strings; name = "zh-Hant"; path = "zh-Hant.lproj/InfoPlist.strings"; sourceTree = "<group>"; };
		2CBDD1491BDF672200FB7519 /* zh-Hant */ = {isa = PBXFileReference; lastKnownFileType = text.plist.strings; name = "zh-Hant"; path = "zh-Hant.lproj/Localizable.strings"; sourceTree = "<group>"; };
		2CBDD14A1BDF672200FB7519 /* zh-Hant */ = {isa = PBXFileReference; lastKnownFileType = file.xib; name = "zh-Hant"; path = "zh-Hant.lproj/LocalizableViewController.xib"; sourceTree = "<group>"; };
		2CBDD14F1BDF6B7F00FB7519 /* MGSwipeButton.h */ = {isa = PBXFileReference; fileEncoding = 4; lastKnownFileType = sourcecode.c.h; path = MGSwipeButton.h; sourceTree = "<group>"; };
		2CBDD1501BDF6B7F00FB7519 /* MGSwipeButton.m */ = {isa = PBXFileReference; fileEncoding = 4; lastKnownFileType = sourcecode.c.objc; path = MGSwipeButton.m; sourceTree = "<group>"; };
		2CBDD1511BDF6B7F00FB7519 /* MGSwipeTableCell.h */ = {isa = PBXFileReference; fileEncoding = 4; lastKnownFileType = sourcecode.c.h; path = MGSwipeTableCell.h; sourceTree = "<group>"; };
		2CBDD1521BDF6B7F00FB7519 /* MGSwipeTableCell.m */ = {isa = PBXFileReference; fileEncoding = 4; lastKnownFileType = sourcecode.c.objc; path = MGSwipeTableCell.m; sourceTree = "<group>"; };
/* End PBXFileReference section */

/* Begin PBXFrameworksBuildPhase section */
		2C2B4F831BBB73F20068C1D5 /* Frameworks */ = {
			isa = PBXFrameworksBuildPhase;
			buildActionMask = 2147483647;
			files = (
			);
			runOnlyForDeploymentPostprocessing = 0;
		};
/* End PBXFrameworksBuildPhase section */

/* Begin PBXGroup section */
		2C2B4F7D1BBB73F20068C1D5 = {
			isa = PBXGroup;
			children = (
				2C2B4F881BBB73F20068C1D5 /* NoteBook */,
				2C2B4F871BBB73F20068C1D5 /* Products */,
			);
			sourceTree = "<group>";
		};
		2C2B4F871BBB73F20068C1D5 /* Products */ = {
			isa = PBXGroup;
			children = (
				2C2B4F861BBB73F20068C1D5 /* NoteBook.app */,
			);
			name = Products;
			sourceTree = "<group>";
		};
		2C2B4F881BBB73F20068C1D5 /* NoteBook */ = {
			isa = PBXGroup;
			children = (
				2CBDCFFD1BDF650600FB7519 /* Sylar */,
				2CBDD13B1BDF672200FB7519 /* language */,
				2C2B4F8C1BBB73F20068C1D5 /* AppDelegate.h */,
				2C2B4F8D1BBB73F20068C1D5 /* AppDelegate.m */,
				2C2B4F8F1BBB73F20068C1D5 /* ViewController.h */,
				2C2B4F901BBB73F20068C1D5 /* ViewController.m */,
				2C2B4F921BBB73F20068C1D5 /* Main.storyboard */,
				2C2B4F951BBB73F20068C1D5 /* Assets.xcassets */,
				2C2B4F971BBB73F20068C1D5 /* LaunchScreen.storyboard */,
				2C2B4F9A1BBB73F20068C1D5 /* Info.plist */,
				2C2B4F891BBB73F20068C1D5 /* Supporting Files */,
			);
			path = NoteBook;
			sourceTree = "<group>";
		};
		2C2B4F891BBB73F20068C1D5 /* Supporting Files */ = {
			isa = PBXGroup;
			children = (
				2CBDD13A1BDF655C00FB7519 /* NoteBook-Prefix.pch */,
				2C2B4F8A1BBB73F20068C1D5 /* main.m */,
			);
			name = "Supporting Files";
			sourceTree = "<group>";
		};
		2CBDCFFD1BDF650600FB7519 /* Sylar */ = {
			isa = PBXGroup;
			children = (
				2CBDD0551BDF650600FB7519 /* Section */,
				2CBDCFFE1BDF650600FB7519 /* General */,
				2CBDD0021BDF650600FB7519 /* Helper */,
				2CBDD0181BDF650600FB7519 /* Macro */,
				2CBDD01B1BDF650600FB7519 /* Model */,
				2CBDD0941BDF650600FB7519 /* Vendor */,
				2CBDD0221BDF650600FB7519 /* Resource */,
			);
			path = Sylar;
			sourceTree = "<group>";
		};
		2CBDCFFE1BDF650600FB7519 /* General */ = {
			isa = PBXGroup;
			children = (
				2CBDCFFF1BDF650600FB7519 /* DefaultViewController */,
			);
			path = General;
			sourceTree = "<group>";
		};
		2CBDCFFF1BDF650600FB7519 /* DefaultViewController */ = {
			isa = PBXGroup;
			children = (
				2CBDD0001BDF650600FB7519 /* DefaultViewController.h */,
				2CBDD0011BDF650600FB7519 /* DefaultViewController.m */,
			);
			path = DefaultViewController;
			sourceTree = "<group>";
		};
		2CBDD0021BDF650600FB7519 /* Helper */ = {
			isa = PBXGroup;
			children = (
				2CBDD0061BDF650600FB7519 /* color */,
				2CBDD0091BDF650600FB7519 /* CommomTools */,
				2CBDD00C1BDF650600FB7519 /* PopView */,
				2CBDD00F1BDF650600FB7519 /* Reminder */,
				2CBDD0121BDF650600FB7519 /* settingHelper */,
				2CBDD0151BDF650600FB7519 /* UI */,
			);
			path = Helper;
			sourceTree = "<group>";
		};
		2CBDD0061BDF650600FB7519 /* color */ = {
			isa = PBXGroup;
			children = (
				2CBDD0071BDF650600FB7519 /* CommomColor.h */,
				2CBDD0081BDF650600FB7519 /* CommomColor.m */,
			);
			path = color;
			sourceTree = "<group>";
		};
		2CBDD0091BDF650600FB7519 /* CommomTools */ = {
			isa = PBXGroup;
			children = (
				2CBDD00A1BDF650600FB7519 /* CommonTools.h */,
				2CBDD00B1BDF650600FB7519 /* CommonTools.m */,
			);
			path = CommomTools;
			sourceTree = "<group>";
		};
		2CBDD00C1BDF650600FB7519 /* PopView */ = {
			isa = PBXGroup;
			children = (
				2CBDD00D1BDF650600FB7519 /* PopView.h */,
				2CBDD00E1BDF650600FB7519 /* PopView.m */,
			);
			path = PopView;
			sourceTree = "<group>";
		};
		2CBDD00F1BDF650600FB7519 /* Reminder */ = {
			isa = PBXGroup;
			children = (
				2CBDD0101BDF650600FB7519 /* ReminderHelper.h */,
				2CBDD0111BDF650600FB7519 /* ReminderHelper.m */,
			);
			path = Reminder;
			sourceTree = "<group>";
		};
		2CBDD0121BDF650600FB7519 /* settingHelper */ = {
			isa = PBXGroup;
			children = (
				2CBDD0131BDF650600FB7519 /* SettingHelper.h */,
				2CBDD0141BDF650600FB7519 /* SettingHelper.m */,
			);
			path = settingHelper;
			sourceTree = "<group>";
		};
		2CBDD0151BDF650600FB7519 /* UI */ = {
			isa = PBXGroup;
			children = (
				2CBDD0161BDF650600FB7519 /* StateButton.h */,
				2CBDD0171BDF650600FB7519 /* StateButton.m */,
			);
			path = UI;
			sourceTree = "<group>";
		};
		2CBDD0181BDF650600FB7519 /* Macro */ = {
			isa = PBXGroup;
			children = (
				2CBDD0191BDF650600FB7519 /* AVODefines.h */,
				2CBDD01A1BDF650600FB7519 /* CommonDefines.h */,
			);
			path = Macro;
			sourceTree = "<group>";
		};
		2CBDD01B1BDF650600FB7519 /* Model */ = {
			isa = PBXGroup;
			children = (
				2CBDD01C1BDF650600FB7519 /* DataModel.h */,
				2CBDD01D1BDF650600FB7519 /* DataModel.m */,
				2CBDD01E1BDF650600FB7519 /* ItemModel.h */,
				2CBDD01F1BDF650600FB7519 /* ItemModel.m */,
				2CBDD0201BDF650600FB7519 /* LocalVersion.h */,
				2CBDD0211BDF650600FB7519 /* LocalVersion.m */,
			);
			path = Model;
			sourceTree = "<group>";
		};
		2CBDD0221BDF650600FB7519 /* Resource */ = {
			isa = PBXGroup;
			children = (
				2CBDD0231BDF650600FB7519 /* icon */,
				2CBDD02C1BDF650600FB7519 /* navigation */,
				2CBDD0411BDF650600FB7519 /* note */,
				2CBDD0481BDF650600FB7519 /* password */,
				2CBDD04D1BDF650600FB7519 /* setting */,
				2CBDD0501BDF650600FB7519 /* version */,
			);
			path = Resource;
			sourceTree = "<group>";
		};
		2CBDD0231BDF650600FB7519 /* icon */ = {
			isa = PBXGroup;
			children = (
				2CBDD0241BDF650600FB7519 /* icon.png */,
				2CBDD0251BDF650600FB7519 /* icon120.png */,
				2CBDD0261BDF650600FB7519 /* icon152.png */,
				2CBDD0271BDF650600FB7519 /* icon29.png */,
				2CBDD0281BDF650600FB7519 /* icon40.png */,
				2CBDD0291BDF650600FB7519 /* icon58.png */,
				2CBDD02A1BDF650600FB7519 /* icon76.png */,
				2CBDD02B1BDF650600FB7519 /* icon80.png */,
			);
			path = icon;
			sourceTree = "<group>";
		};
		2CBDD02C1BDF650600FB7519 /* navigation */ = {
			isa = PBXGroup;
			children = (
				2CBDD02D1BDF650600FB7519 /* back_bkg.png */,
				2CBDD02E1BDF650600FB7519 /* back_bkg@2x.png */,
				2CBDD02F1BDF650600FB7519 /* back_bkg_HL.png */,
				2CBDD0301BDF650600FB7519 /* back_bkg_HL@2x.png */,
				2CBDD0311BDF650600FB7519 /* btn_bkg.png */,
				2CBDD0321BDF650600FB7519 /* btn_bkg@2x.png */,
				2CBDD0331BDF650600FB7519 /* btn_bkg_highlighted.png */,
				2CBDD0341BDF650600FB7519 /* btn_bkg_highlighted@2x.png */,
				2CBDD0351BDF650600FB7519 /* delete.png */,
				2CBDD0361BDF650600FB7519 /* delete@2x.png */,
				2CBDD0371BDF650600FB7519 /* navi_back.png */,
				2CBDD0381BDF650600FB7519 /* navi_back@2x.png */,
				2CBDD0391BDF650600FB7519 /* navi_back_highlighted.png */,
				2CBDD03A1BDF650600FB7519 /* navi_back_highlighted@2x.png */,
				2CBDD03B1BDF650600FB7519 /* red_dot.png */,
				2CBDD03C1BDF650600FB7519 /* red_dot@2x.png */,
				2CBDD03D1BDF650600FB7519 /* right_arrow.png */,
				2CBDD03E1BDF650600FB7519 /* right_arrow@2x.png */,
				2CBDD03F1BDF650600FB7519 /* right_arrow_HL.png */,
				2CBDD0401BDF650600FB7519 /* right_arrow_HL@2x.png */,
			);
			path = navigation;
			sourceTree = "<group>";
		};
		2CBDD0411BDF650600FB7519 /* note */ = {
			isa = PBXGroup;
			children = (
				2CBDD0421BDF650600FB7519 /* close.png */,
				2CBDD0431BDF650600FB7519 /* close@2x.png */,
				2CBDD0441BDF650600FB7519 /* close_HL.png */,
				2CBDD0451BDF650600FB7519 /* close_HL@2x.png */,
				2CBDD0461BDF650600FB7519 /* note_cell_bkg.png */,
				2CBDD0471BDF650600FB7519 /* note_cell_bkg@2x.png */,
			);
			path = note;
			sourceTree = "<group>";
		};
		2CBDD0481BDF650600FB7519 /* password */ = {
			isa = PBXGroup;
			children = (
				2CBDD0491BDF650600FB7519 /* password.png */,
				2CBDD04A1BDF650600FB7519 /* password@2x.png */,
				2CBDD04B1BDF650600FB7519 /* password_highlighted.png */,
				2CBDD04C1BDF650600FB7519 /* password_highlighted@2x.png */,
			);
			path = password;
			sourceTree = "<group>";
		};
		2CBDD04D1BDF650600FB7519 /* setting */ = {
			isa = PBXGroup;
			children = (
				2CBDD04E1BDF650600FB7519 /* tick.png */,
				2CBDD04F1BDF650600FB7519 /* tick@2x.png */,
			);
			path = setting;
			sourceTree = "<group>";
		};
		2CBDD0501BDF650600FB7519 /* version */ = {
			isa = PBXGroup;
			children = (
				2CBDD0511BDF650600FB7519 /* version_btn_bkg.png */,
				2CBDD0521BDF650600FB7519 /* version_btn_bkg@2x.png */,
				2CBDD0531BDF650600FB7519 /* version_btn_bkg_HL.png */,
				2CBDD0541BDF650600FB7519 /* version_btn_bkg_HL@2x.png */,
			);
			path = version;
			sourceTree = "<group>";
		};
		2CBDD0551BDF650600FB7519 /* Section */ = {
			isa = PBXGroup;
			children = (
				2CBDD0561BDF650600FB7519 /* Menu */,
				2CBDD0861BDF650600FB7519 /* NoteListView */,
				2CBDD08F1BDF650600FB7519 /* PasswordView */,
			);
			path = Section;
			sourceTree = "<group>";
		};
		2CBDD0561BDF650600FB7519 /* Menu */ = {
			isa = PBXGroup;
			children = (
				2CBDD05C1BDF650600FB7519 /* MenuViewController.h */,
				2CBDD05D1BDF650600FB7519 /* MenuViewController.m */,
				2CBDD05A1BDF650600FB7519 /* MenuTableViewCell.h */,
				2CBDD05B1BDF650600FB7519 /* MenuTableViewCell.m */,
				2CBDD0571BDF650600FB7519 /* Feedbacks */,
				2CBDD05E1BDF650600FB7519 /* Reminder */,
				2CBDD0661BDF650600FB7519 /* RevertVersion */,
				2CBDD0711BDF650600FB7519 /* SaveVersion */,
				2CBDD0751BDF650600FB7519 /* setting */,
			);
			path = Menu;
			sourceTree = "<group>";
		};
		2CBDD0571BDF650600FB7519 /* Feedbacks */ = {
			isa = PBXGroup;
			children = (
				2CBDD0581BDF650600FB7519 /* FeedbacksViewController.h */,
				2CBDD0591BDF650600FB7519 /* FeedbacksViewController.m */,
			);
			path = Feedbacks;
			sourceTree = "<group>";
		};
		2CBDD05E1BDF650600FB7519 /* Reminder */ = {
			isa = PBXGroup;
			children = (
				2CBDD0641BDF650600FB7519 /* ReminderViewController.h */,
				2CBDD0651BDF650600FB7519 /* ReminderViewController.m */,
				2CBDD0611BDF650600FB7519 /* ReminderViewCell.h */,
				2CBDD0621BDF650600FB7519 /* ReminderViewCell.m */,
				2CBDD0631BDF650600FB7519 /* ReminderViewCell.xib */,
				2CBDD05F1BDF650600FB7519 /* ReminderDetailedViewController.h */,
				2CBDD0601BDF650600FB7519 /* ReminderDetailedViewController.m */,
			);
			path = Reminder;
			sourceTree = "<group>";
		};
		2CBDD0661BDF650600FB7519 /* RevertVersion */ = {
			isa = PBXGroup;
			children = (
				2CBDD0671BDF650600FB7519 /* RevertNoteList */,
				2CBDD06C1BDF650600FB7519 /* RevertVersionTableViewCell.h */,
				2CBDD06D1BDF650600FB7519 /* RevertVersionTableViewCell.m */,
				2CBDD06E1BDF650600FB7519 /* RevertVersionTableViewCell.xib */,
				2CBDD06F1BDF650600FB7519 /* RevertVersionViewController.h */,
				2CBDD0701BDF650600FB7519 /* RevertVersionViewController.m */,
			);
			path = RevertVersion;
			sourceTree = "<group>";
		};
		2CBDD0671BDF650600FB7519 /* RevertNoteList */ = {
			isa = PBXGroup;
			children = (
				2CBDD0681BDF650600FB7519 /* RevertNoteListDetailedViewController.h */,
				2CBDD0691BDF650600FB7519 /* RevertNoteListDetailedViewController.m */,
				2CBDD06A1BDF650600FB7519 /* RevertNoteListViewController.h */,
				2CBDD06B1BDF650600FB7519 /* RevertNoteListViewController.m */,
			);
			path = RevertNoteList;
			sourceTree = "<group>";
		};
		2CBDD0711BDF650600FB7519 /* SaveVersion */ = {
			isa = PBXGroup;
			children = (
				2CBDD0721BDF650600FB7519 /* SaveVersion.xib */,
				2CBDD0731BDF650600FB7519 /* SaveVersionViewController.h */,
				2CBDD0741BDF650600FB7519 /* SaveVersionViewController.m */,
			);
			path = SaveVersion;
			sourceTree = "<group>";
		};
		2CBDD0751BDF650600FB7519 /* setting */ = {
			isa = PBXGroup;
			children = (
				2CBDD0761BDF650600FB7519 /* fontSize */,
				2CBDD07C1BDF650600FB7519 /* password */,
				2CBDD0811BDF650600FB7519 /* SettingPasswordCell.h */,
				2CBDD0821BDF650600FB7519 /* SettingPasswordCell.m */,
				2CBDD0831BDF650600FB7519 /* SettingPasswordCell.xib */,
				2CBDD0841BDF650600FB7519 /* SettingViewController.h */,
				2CBDD0851BDF650600FB7519 /* SettingViewController.m */,
			);
			path = setting;
			sourceTree = "<group>";
		};
		2CBDD0761BDF650600FB7519 /* fontSize */ = {
			isa = PBXGroup;
			children = (
				2CBDD0771BDF650600FB7519 /* SettingFontSizeDetailCell.h */,
				2CBDD0781BDF650600FB7519 /* SettingFontSizeDetailCell.m */,
				2CBDD0791BDF650600FB7519 /* SettingFontSizeDetailCell.xib */,
				2CBDD07A1BDF650600FB7519 /* SettingFontSizeViewController.h */,
				2CBDD07B1BDF650600FB7519 /* SettingFontSizeViewController.m */,
			);
			path = fontSize;
			sourceTree = "<group>";
		};
		2CBDD07C1BDF650600FB7519 /* password */ = {
			isa = PBXGroup;
			children = (
				2CBDD07D1BDF650600FB7519 /* ChangPasswordViewController.h */,
				2CBDD07E1BDF650600FB7519 /* ChangPasswordViewController.m */,
				2CBDD07F1BDF650600FB7519 /* OpenClosePasswordViewController.h */,
				2CBDD0801BDF650600FB7519 /* OpenClosePasswordViewController.m */,
			);
			path = password;
			sourceTree = "<group>";
		};
		2CBDD0861BDF650600FB7519 /* NoteListView */ = {
			isa = PBXGroup;
			children = (
				2CBDD08D1BDF650600FB7519 /* NoteListViewController.h */,
				2CBDD08E1BDF650600FB7519 /* NoteListViewController.m */,
				2CBDD08B1BDF650600FB7519 /* NoteListViewCell.h */,
				2CBDD08C1BDF650600FB7519 /* NoteListViewCell.m */,
				2CBDD0891BDF650600FB7519 /* NoteListNewCell.h */,
				2CBDD08A1BDF650600FB7519 /* NoteListNewCell.m */,
				2CBDD0871BDF650600FB7519 /* NoteListDetailedViewController.h */,
				2CBDD0881BDF650600FB7519 /* NoteListDetailedViewController.m */,
			);
			path = NoteListView;
			sourceTree = "<group>";
		};
		2CBDD08F1BDF650600FB7519 /* PasswordView */ = {
			isa = PBXGroup;
			children = (
				2CBDD0901BDF650600FB7519 /* PasswordHelper.h */,
				2CBDD0911BDF650600FB7519 /* PasswordHelper.m */,
				2CBDD0921BDF650600FB7519 /* PasswordViewController.h */,
				2CBDD0931BDF650600FB7519 /* PasswordViewController.m */,
			);
			path = PasswordView;
			sourceTree = "<group>";
		};
		2CBDD0941BDF650600FB7519 /* Vendor */ = {
			isa = PBXGroup;
			children = (
				2CBDD14E1BDF6B7F00FB7519 /* MGSwipeTableCell */,
				2CBDD0951BDF650600FB7519 /* AES */,
				2CBDD0A01BDF650600FB7519 /* DraggableCollectionView */,
				2CBDD0AD1BDF650600FB7519 /* JsonKit */,
				2CBDD0B51BDF650600FB7519 /* MBProgressHUD */,
				2CBDD0B81BDF650600FB7519 /* mjpasswordview */,
			);
			path = Vendor;
			sourceTree = "<group>";
		};
		2CBDD0951BDF650600FB7519 /* AES */ = {
			isa = PBXGroup;
			children = (
				2CBDD0961BDF650600FB7519 /* AESCrypt.h */,
				2CBDD0971BDF650600FB7519 /* AESCrypt.m */,
				2CBDD0981BDF650600FB7519 /* NSData+Base64.h */,
				2CBDD0991BDF650600FB7519 /* NSData+Base64.m */,
				2CBDD09A1BDF650600FB7519 /* NSData+CommonCrypto.h */,
				2CBDD09B1BDF650600FB7519 /* NSData+CommonCrypto.m */,
				2CBDD09C1BDF650600FB7519 /* NSString+Base64.h */,
				2CBDD09D1BDF650600FB7519 /* NSString+Base64.m */,
			);
			path = AES;
			sourceTree = "<group>";
		};
		2CBDD0A01BDF650600FB7519 /* DraggableCollectionView */ = {
			isa = PBXGroup;
			children = (
				2CBDD0A11BDF650600FB7519 /* Helpers */,
				2CBDD0A61BDF650600FB7519 /* Layout */,
				2CBDD0A91BDF650600FB7519 /* UICollectionView+Draggable.h */,
				2CBDD0AA1BDF650600FB7519 /* UICollectionView+Draggable.m */,
				2CBDD0AB1BDF650600FB7519 /* UICollectionViewDataSource_Draggable.h */,
				2CBDD0AC1BDF650600FB7519 /* UICollectionViewLayout_Warpable.h */,
			);
			path = DraggableCollectionView;
			sourceTree = "<group>";
		};
		2CBDD0A11BDF650600FB7519 /* Helpers */ = {
			isa = PBXGroup;
			children = (
				2CBDD0A21BDF650600FB7519 /* LSCollectionViewHelper.h */,
				2CBDD0A31BDF650600FB7519 /* LSCollectionViewHelper.m */,
				2CBDD0A41BDF650600FB7519 /* LSCollectionViewLayoutHelper.h */,
				2CBDD0A51BDF650600FB7519 /* LSCollectionViewLayoutHelper.m */,
			);
			path = Helpers;
			sourceTree = "<group>";
		};
		2CBDD0A61BDF650600FB7519 /* Layout */ = {
			isa = PBXGroup;
			children = (
				2CBDD0A71BDF650600FB7519 /* DraggableCollectionViewFlowLayout.h */,
				2CBDD0A81BDF650600FB7519 /* DraggableCollectionViewFlowLayout.m */,
			);
			path = Layout;
			sourceTree = "<group>";
		};
		2CBDD0AD1BDF650600FB7519 /* JsonKit */ = {
			isa = PBXGroup;
			children = (
				2CBDD0AE1BDF650600FB7519 /* JSONKit.h */,
				2CBDD0AF1BDF650600FB7519 /* JSONKit.m */,
			);
			path = JsonKit;
			sourceTree = "<group>";
		};
		2CBDD0B51BDF650600FB7519 /* MBProgressHUD */ = {
			isa = PBXGroup;
			children = (
				2CBDD0B61BDF650600FB7519 /* MBProgressHUD.h */,
				2CBDD0B71BDF650600FB7519 /* MBProgressHUD.m */,
			);
			path = MBProgressHUD;
			sourceTree = "<group>";
		};
		2CBDD0B81BDF650600FB7519 /* mjpasswordview */ = {
			isa = PBXGroup;
			children = (
				2CBDD0B91BDF650600FB7519 /* MJCircleLayer.h */,
				2CBDD0BA1BDF650600FB7519 /* MJCircleLayer.m */,
				2CBDD0BB1BDF650600FB7519 /* MJPasswordView.h */,
				2CBDD0BC1BDF650600FB7519 /* MJPasswordView.m */,
				2CBDD0BD1BDF650600FB7519 /* MJPathLayer.h */,
				2CBDD0BE1BDF650600FB7519 /* MJPathLayer.m */,
			);
			path = mjpasswordview;
			sourceTree = "<group>";
		};
		2CBDD13B1BDF672200FB7519 /* language */ = {
			isa = PBXGroup;
			children = (
				2CBDD13C1BDF672200FB7519 /* InfoPlist.strings */,
				2CBDD13E1BDF672200FB7519 /* Localizable.strings */,
				2CBDD1401BDF672200FB7519 /* LocalizableViewController.xib */,
			);
			path = language;
			sourceTree = "<group>";
		};
		2CBDD14E1BDF6B7F00FB7519 /* MGSwipeTableCell */ = {
			isa = PBXGroup;
			children = (
				2CBDD14F1BDF6B7F00FB7519 /* MGSwipeButton.h */,
				2CBDD1501BDF6B7F00FB7519 /* MGSwipeButton.m */,
				2CBDD1511BDF6B7F00FB7519 /* MGSwipeTableCell.h */,
				2CBDD1521BDF6B7F00FB7519 /* MGSwipeTableCell.m */,
			);
			path = MGSwipeTableCell;
			sourceTree = "<group>";
		};
/* End PBXGroup section */

/* Begin PBXNativeTarget section */
		2C2B4F851BBB73F20068C1D5 /* NoteBook */ = {
			isa = PBXNativeTarget;
			buildConfigurationList = 2C2B4F9D1BBB73F20068C1D5 /* Build configuration list for PBXNativeTarget "NoteBook" */;
			buildPhases = (
				2C2B4F821BBB73F20068C1D5 /* Sources */,
				2C2B4F831BBB73F20068C1D5 /* Frameworks */,
				2C2B4F841BBB73F20068C1D5 /* Resources */,
			);
			buildRules = (
			);
			dependencies = (
			);
			name = NoteBook;
			productName = NoteBook;
			productReference = 2C2B4F861BBB73F20068C1D5 /* NoteBook.app */;
			productType = "com.apple.product-type.application";
		};
/* End PBXNativeTarget section */

/* Begin PBXProject section */
		2C2B4F7E1BBB73F20068C1D5 /* Project object */ = {
			isa = PBXProject;
			attributes = {
				LastUpgradeCheck = 0700;
				ORGANIZATIONNAME = sylar;
				TargetAttributes = {
					2C2B4F851BBB73F20068C1D5 = {
						CreatedOnToolsVersion = 7.0;
						DevelopmentTeam = KDQ72H3LGF;
					};
				};
			};
			buildConfigurationList = 2C2B4F811BBB73F20068C1D5 /* Build configuration list for PBXProject "NoteBook" */;
			compatibilityVersion = "Xcode 3.2";
			developmentRegion = English;
			hasScannedForEncodings = 0;
			knownRegions = (
				en,
				Base,
				ja,
				"zh-Hans",
				"zh-Hant",
			);
			mainGroup = 2C2B4F7D1BBB73F20068C1D5;
			productRefGroup = 2C2B4F871BBB73F20068C1D5 /* Products */;
			projectDirPath = "";
			projectRoot = "";
			targets = (
				2C2B4F851BBB73F20068C1D5 /* NoteBook */,
			);
		};
/* End PBXProject section */

/* Begin PBXResourcesBuildPhase section */
		2C2B4F841BBB73F20068C1D5 /* Resources */ = {
			isa = PBXResourcesBuildPhase;
			buildActionMask = 2147483647;
			files = (
				2CBDD1021BDF650600FB7519 /* tick@2x.png in Resources */,
				2CBDD0F91BDF650600FB7519 /* close_HL.png in Resources */,
				2CBDD0F21BDF650600FB7519 /* red_dot@2x.png in Resources */,
				2CBDD0E21BDF650600FB7519 /* icon80.png in Resources */,
				2CBDD0EA1BDF650600FB7519 /* btn_bkg_highlighted@2x.png in Resources */,
				2CBDD0DE1BDF650600FB7519 /* icon29.png in Resources */,
				2CBDD1041BDF650600FB7519 /* version_btn_bkg@2x.png in Resources */,
				2CBDD0DB1BDF650600FB7519 /* icon.png in Resources */,
				2CBDD0EC1BDF650600FB7519 /* delete@2x.png in Resources */,
				2CBDD0F11BDF650600FB7519 /* red_dot.png in Resources */,
				2CBDD0E81BDF650600FB7519 /* btn_bkg@2x.png in Resources */,
				2CBDD0FC1BDF650600FB7519 /* note_cell_bkg@2x.png in Resources */,
				2CBDD0F51BDF650600FB7519 /* right_arrow_HL.png in Resources */,
				2CBDD0DF1BDF650600FB7519 /* icon40.png in Resources */,
				2CBDD14D1BDF672200FB7519 /* LocalizableViewController.xib in Resources */,
				2CBDD0E91BDF650600FB7519 /* btn_bkg_highlighted.png in Resources */,
				2CBDD1131BDF650600FB7519 /* SaveVersion.xib in Resources */,
				2CBDD0DC1BDF650600FB7519 /* icon120.png in Resources */,
				2CBDD11B1BDF650600FB7519 /* SettingPasswordCell.xib in Resources */,
				2CBDD0FD1BDF650600FB7519 /* password.png in Resources */,
				2CBDD0EE1BDF650600FB7519 /* navi_back@2x.png in Resources */,
				2CBDD0EB1BDF650600FB7519 /* delete.png in Resources */,
				2CBDD0F61BDF650600FB7519 /* right_arrow_HL@2x.png in Resources */,
				2CBDD0FB1BDF650600FB7519 /* note_cell_bkg.png in Resources */,
				2CBDD0ED1BDF650600FB7519 /* navi_back.png in Resources */,
				2CBDD10C1BDF650600FB7519 /* ReminderViewCell.xib in Resources */,
				2CBDD0E71BDF650600FB7519 /* btn_bkg.png in Resources */,
				2C2B4F991BBB73F20068C1D5 /* LaunchScreen.storyboard in Resources */,
				2CBDD0F71BDF650600FB7519 /* close.png in Resources */,
				2CBDD0E41BDF650600FB7519 /* back_bkg@2x.png in Resources */,
				2C2B4F961BBB73F20068C1D5 /* Assets.xcassets in Resources */,
				2CBDD14B1BDF672200FB7519 /* InfoPlist.strings in Resources */,
				2CBDD14C1BDF672200FB7519 /* Localizable.strings in Resources */,
				2CBDD1031BDF650600FB7519 /* version_btn_bkg.png in Resources */,
				2CBDD0F81BDF650600FB7519 /* close@2x.png in Resources */,
				2CBDD0E31BDF650600FB7519 /* back_bkg.png in Resources */,
				2CBDD0FE1BDF650600FB7519 /* password@2x.png in Resources */,
				2CBDD0E01BDF650600FB7519 /* icon58.png in Resources */,
				2CBDD0EF1BDF650600FB7519 /* navi_back_highlighted.png in Resources */,
				2CBDD0F01BDF650600FB7519 /* navi_back_highlighted@2x.png in Resources */,
				2CBDD0FA1BDF650600FB7519 /* close_HL@2x.png in Resources */,
				2CBDD1011BDF650600FB7519 /* tick.png in Resources */,
				2CBDD1111BDF650600FB7519 /* RevertVersionTableViewCell.xib in Resources */,
				2CBDD0F41BDF650600FB7519 /* right_arrow@2x.png in Resources */,
				2C2B4F941BBB73F20068C1D5 /* Main.storyboard in Resources */,
				2CBDD1061BDF650600FB7519 /* version_btn_bkg_HL@2x.png in Resources */,
				2CBDD0DD1BDF650600FB7519 /* icon152.png in Resources */,
				2CBDD0E61BDF650600FB7519 /* back_bkg_HL@2x.png in Resources */,
				2CBDD1001BDF650600FB7519 /* password_highlighted@2x.png in Resources */,
				2CBDD1161BDF650600FB7519 /* SettingFontSizeDetailCell.xib in Resources */,
				2CBDD0E11BDF650600FB7519 /* icon76.png in Resources */,
				2CBDD1051BDF650600FB7519 /* version_btn_bkg_HL.png in Resources */,
				2CBDD0F31BDF650600FB7519 /* right_arrow.png in Resources */,
				2CBDD0FF1BDF650600FB7519 /* password_highlighted.png in Resources */,
				2CBDD0E51BDF650600FB7519 /* back_bkg_HL.png in Resources */,
			);
			runOnlyForDeploymentPostprocessing = 0;
		};
/* End PBXResourcesBuildPhase section */

/* Begin PBXSourcesBuildPhase section */
		2C2B4F821BBB73F20068C1D5 /* Sources */ = {
			isa = PBXSourcesBuildPhase;
			buildActionMask = 2147483647;
			files = (
				2CBDD1531BDF6B7F00FB7519 /* MGSwipeButton.m in Sources */,
				2CBDD10B1BDF650600FB7519 /* ReminderViewCell.m in Sources */,
				2CBDD1101BDF650600FB7519 /* RevertVersionTableViewCell.m in Sources */,
				2CBDD1211BDF650600FB7519 /* PasswordHelper.m in Sources */,
				2C2B4F911BBB73F20068C1D5 /* ViewController.m in Sources */,
				2CBDD1151BDF650600FB7519 /* SettingFontSizeDetailCell.m in Sources */,
				2CBDD1321BDF650700FB7519 /* MJPathLayer.m in Sources */,
				2CBDD12F1BDF650700FB7519 /* MBProgressHUD.m in Sources */,
				2CBDD1281BDF650700FB7519 /* LSCollectionViewHelper.m in Sources */,
				2CBDD1091BDF650600FB7519 /* MenuViewController.m in Sources */,
				2CBDD1261BDF650600FB7519 /* NSString+Base64.m in Sources */,
				2CBDD1301BDF650700FB7519 /* MJCircleLayer.m in Sources */,
				2CBDD11A1BDF650600FB7519 /* SettingPasswordCell.m in Sources */,
				2CBDD11F1BDF650600FB7519 /* NoteListViewCell.m in Sources */,
				2CBDD10E1BDF650600FB7519 /* RevertNoteListDetailedViewController.m in Sources */,
				2CBDD1221BDF650600FB7519 /* PasswordViewController.m in Sources */,
				2CBDD1121BDF650600FB7519 /* RevertVersionViewController.m in Sources */,
				2CBDD1311BDF650700FB7519 /* MJPasswordView.m in Sources */,
				2CBDD1241BDF650600FB7519 /* NSData+Base64.m in Sources */,
				2CBDD1071BDF650600FB7519 /* FeedbacksViewController.m in Sources */,
				2CBDD10D1BDF650600FB7519 /* ReminderViewController.m in Sources */,
				2CBDD0D31BDF650600FB7519 /* CommonTools.m in Sources */,
				2CBDD1191BDF650600FB7519 /* OpenClosePasswordViewController.m in Sources */,
				2CBDD0D21BDF650600FB7519 /* CommomColor.m in Sources */,
				2CBDD1171BDF650600FB7519 /* SettingFontSizeViewController.m in Sources */,
				2CBDD11C1BDF650600FB7519 /* SettingViewController.m in Sources */,
				2CBDD12C1BDF650700FB7519 /* JSONKit.m in Sources */,
				2CBDD11D1BDF650600FB7519 /* NoteListDetailedViewController.m in Sources */,
				2CBDD1141BDF650600FB7519 /* SaveVersionViewController.m in Sources */,
				2CBDD1291BDF650700FB7519 /* LSCollectionViewLayoutHelper.m in Sources */,
				2CBDD0D71BDF650600FB7519 /* StateButton.m in Sources */,
				2CBDD1231BDF650600FB7519 /* AESCrypt.m in Sources */,
				2CBDD1081BDF650600FB7519 /* MenuTableViewCell.m in Sources */,
				2CBDD12A1BDF650700FB7519 /* DraggableCollectionViewFlowLayout.m in Sources */,
				2CBDD0D81BDF650600FB7519 /* DataModel.m in Sources */,
				2C2B4F8E1BBB73F20068C1D5 /* AppDelegate.m in Sources */,
				2CBDD12B1BDF650700FB7519 /* UICollectionView+Draggable.m in Sources */,
				2CBDD10A1BDF650600FB7519 /* ReminderDetailedViewController.m in Sources */,
				2CBDD1181BDF650600FB7519 /* ChangPasswordViewController.m in Sources */,
				2CBDD0D01BDF650600FB7519 /* DefaultViewController.m in Sources */,
				2CBDD1541BDF6B7F00FB7519 /* MGSwipeTableCell.m in Sources */,
				2CBDD0D91BDF650600FB7519 /* ItemModel.m in Sources */,
				2CBDD10F1BDF650600FB7519 /* RevertNoteListViewController.m in Sources */,
				2CBDD1251BDF650600FB7519 /* NSData+CommonCrypto.m in Sources */,
				2CBDD0D41BDF650600FB7519 /* PopView.m in Sources */,
				2CBDD1201BDF650600FB7519 /* NoteListViewController.m in Sources */,
				2CBDD0DA1BDF650600FB7519 /* LocalVersion.m in Sources */,
				2CBDD0D51BDF650600FB7519 /* ReminderHelper.m in Sources */,
				2CBDD11E1BDF650600FB7519 /* NoteListNewCell.m in Sources */,
				2CBDD0D61BDF650600FB7519 /* SettingHelper.m in Sources */,
				2C2B4F8B1BBB73F20068C1D5 /* main.m in Sources */,
			);
			runOnlyForDeploymentPostprocessing = 0;
		};
/* End PBXSourcesBuildPhase section */

/* Begin PBXVariantGroup section */
		2C2B4F921BBB73F20068C1D5 /* Main.storyboard */ = {
			isa = PBXVariantGroup;
			children = (
				2C2B4F931BBB73F20068C1D5 /* Base */,
			);
			name = Main.storyboard;
			sourceTree = "<group>";
		};
		2C2B4F971BBB73F20068C1D5 /* LaunchScreen.storyboard */ = {
			isa = PBXVariantGroup;
			children = (
				2C2B4F981BBB73F20068C1D5 /* Base */,
			);
			name = LaunchScreen.storyboard;
			sourceTree = "<group>";
		};
		2CBDD13C1BDF672200FB7519 /* InfoPlist.strings */ = {
			isa = PBXVariantGroup;
			children = (
				2CBDD13D1BDF672200FB7519 /* en */,
				2CBDD1421BDF672200FB7519 /* ja */,
				2CBDD1451BDF672200FB7519 /* zh-Hans */,
				2CBDD1481BDF672200FB7519 /* zh-Hant */,
			);
			name = InfoPlist.strings;
			sourceTree = "<group>";
		};
		2CBDD13E1BDF672200FB7519 /* Localizable.strings */ = {
			isa = PBXVariantGroup;
			children = (
				2CBDD13F1BDF672200FB7519 /* en */,
				2CBDD1431BDF672200FB7519 /* ja */,
				2CBDD1461BDF672200FB7519 /* zh-Hans */,
				2CBDD1491BDF672200FB7519 /* zh-Hant */,
			);
			name = Localizable.strings;
			sourceTree = "<group>";
		};
		2CBDD1401BDF672200FB7519 /* LocalizableViewController.xib */ = {
			isa = PBXVariantGroup;
			children = (
				2CBDD1411BDF672200FB7519 /* en */,
				2CBDD1441BDF672200FB7519 /* ja */,
				2CBDD1471BDF672200FB7519 /* zh-Hans */,
				2CBDD14A1BDF672200FB7519 /* zh-Hant */,
			);
			name = LocalizableViewController.xib;
			sourceTree = "<group>";
		};
/* End PBXVariantGroup section */

/* Begin XCBuildConfiguration section */
		2C2B4F9B1BBB73F20068C1D5 /* Debug */ = {
			isa = XCBuildConfiguration;
			buildSettings = {
				ALWAYS_SEARCH_USER_PATHS = NO;
				CLANG_CXX_LANGUAGE_STANDARD = "gnu++0x";
				CLANG_CXX_LIBRARY = "libc++";
				CLANG_ENABLE_MODULES = YES;
				CLANG_ENABLE_OBJC_ARC = YES;
				CLANG_WARN_BOOL_CONVERSION = YES;
				CLANG_WARN_CONSTANT_CONVERSION = YES;
				CLANG_WARN_DIRECT_OBJC_ISA_USAGE = YES_ERROR;
				CLANG_WARN_EMPTY_BODY = YES;
				CLANG_WARN_ENUM_CONVERSION = YES;
				CLANG_WARN_INT_CONVERSION = YES;
				CLANG_WARN_OBJC_ROOT_CLASS = YES_ERROR;
				CLANG_WARN_UNREACHABLE_CODE = YES;
				CLANG_WARN__DUPLICATE_METHOD_MATCH = YES;
				"CODE_SIGN_IDENTITY[sdk=iphoneos*]" = "iPhone Developer";
				COPY_PHASE_STRIP = NO;
				DEBUG_INFORMATION_FORMAT = dwarf;
				ENABLE_STRICT_OBJC_MSGSEND = YES;
				ENABLE_TESTABILITY = YES;
				GCC_C_LANGUAGE_STANDARD = gnu99;
				GCC_DYNAMIC_NO_PIC = NO;
				GCC_NO_COMMON_BLOCKS = YES;
				GCC_OPTIMIZATION_LEVEL = 0;
				GCC_PREPROCESSOR_DEFINITIONS = (
					"DEBUG=1",
					"$(inherited)",
				);
				GCC_WARN_64_TO_32_BIT_CONVERSION = YES;
				GCC_WARN_ABOUT_RETURN_TYPE = YES_ERROR;
				GCC_WARN_UNDECLARED_SELECTOR = YES;
				GCC_WARN_UNINITIALIZED_AUTOS = YES_AGGRESSIVE;
				GCC_WARN_UNUSED_FUNCTION = YES;
				GCC_WARN_UNUSED_VARIABLE = YES;
				IPHONEOS_DEPLOYMENT_TARGET = 9.0;
				MTL_ENABLE_DEBUG_INFO = YES;
				ONLY_ACTIVE_ARCH = YES;
				SDKROOT = iphoneos;
			};
			name = Debug;
		};
		2C2B4F9C1BBB73F20068C1D5 /* Release */ = {
			isa = XCBuildConfiguration;
			buildSettings = {
				ALWAYS_SEARCH_USER_PATHS = NO;
				CLANG_CXX_LANGUAGE_STANDARD = "gnu++0x";
				CLANG_CXX_LIBRARY = "libc++";
				CLANG_ENABLE_MODULES = YES;
				CLANG_ENABLE_OBJC_ARC = YES;
				CLANG_WARN_BOOL_CONVERSION = YES;
				CLANG_WARN_CONSTANT_CONVERSION = YES;
				CLANG_WARN_DIRECT_OBJC_ISA_USAGE = YES_ERROR;
				CLANG_WARN_EMPTY_BODY = YES;
				CLANG_WARN_ENUM_CONVERSION = YES;
				CLANG_WARN_INT_CONVERSION = YES;
				CLANG_WARN_OBJC_ROOT_CLASS = YES_ERROR;
				CLANG_WARN_UNREACHABLE_CODE = YES;
				CLANG_WARN__DUPLICATE_METHOD_MATCH = YES;
				"CODE_SIGN_IDENTITY[sdk=iphoneos*]" = "iPhone Developer";
				COPY_PHASE_STRIP = NO;
				DEBUG_INFORMATION_FORMAT = "dwarf-with-dsym";
				ENABLE_NS_ASSERTIONS = NO;
				ENABLE_STRICT_OBJC_MSGSEND = YES;
				GCC_C_LANGUAGE_STANDARD = gnu99;
				GCC_NO_COMMON_BLOCKS = YES;
				GCC_WARN_64_TO_32_BIT_CONVERSION = YES;
				GCC_WARN_ABOUT_RETURN_TYPE = YES_ERROR;
				GCC_WARN_UNDECLARED_SELECTOR = YES;
				GCC_WARN_UNINITIALIZED_AUTOS = YES_AGGRESSIVE;
				GCC_WARN_UNUSED_FUNCTION = YES;
				GCC_WARN_UNUSED_VARIABLE = YES;
				IPHONEOS_DEPLOYMENT_TARGET = 9.0;
				MTL_ENABLE_DEBUG_INFO = NO;
				SDKROOT = iphoneos;
				VALIDATE_PRODUCT = YES;
			};
			name = Release;
		};
		2C2B4F9E1BBB73F20068C1D5 /* Debug */ = {
			isa = XCBuildConfiguration;
			buildSettings = {
				ASSETCATALOG_COMPILER_APPICON_NAME = AppIcon;
				DEVELOPMENT_TEAM = KDQ72H3LGF;
				FRAMEWORK_SEARCH_PATHS = "$(inherited)";
				GCC_PREFIX_HEADER = "NoteBook/NoteBook-Prefix.pch";
				INFOPLIST_FILE = NoteBook/Info.plist;
				LD_RUNPATH_SEARCH_PATHS = "$(inherited) @executable_path/Frameworks";
				PRODUCT_BUNDLE_IDENTIFIER = com.sylar.NoteBook;
				PRODUCT_NAME = "$(TARGET_NAME)";
			};
			name = Debug;
		};
		2C2B4F9F1BBB73F20068C1D5 /* Release */ = {
			isa = XCBuildConfiguration;
			buildSettings = {
				ASSETCATALOG_COMPILER_APPICON_NAME = AppIcon;
				DEVELOPMENT_TEAM = KDQ72H3LGF;
				FRAMEWORK_SEARCH_PATHS = "$(inherited)";
				GCC_PREFIX_HEADER = "NoteBook/NoteBook-Prefix.pch";
				INFOPLIST_FILE = NoteBook/Info.plist;
				LD_RUNPATH_SEARCH_PATHS = "$(inherited) @executable_path/Frameworks";
				PRODUCT_BUNDLE_IDENTIFIER = com.sylar.NoteBook;
				PRODUCT_NAME = "$(TARGET_NAME)";
			};
			name = Release;
		};
/* End XCBuildConfiguration section */

/* Begin XCConfigurationList section */
		2C2B4F811BBB73F20068C1D5 /* Build configuration list for PBXProject "NoteBook" */ = {
			isa = XCConfigurationList;
			buildConfigurations = (
				2C2B4F9B1BBB73F20068C1D5 /* Debug */,
				2C2B4F9C1BBB73F20068C1D5 /* Release */,
			);
			defaultConfigurationIsVisible = 0;
			defaultConfigurationName = Release;
		};
		2C2B4F9D1BBB73F20068C1D5 /* Build configuration list for PBXNativeTarget "NoteBook" */ = {
			isa = XCConfigurationList;
			buildConfigurations = (
				2C2B4F9E1BBB73F20068C1D5 /* Debug */,
				2C2B4F9F1BBB73F20068C1D5 /* Release */,
			);
			defaultConfigurationIsVisible = 0;
			defaultConfigurationName = Release;
		};
/* End XCConfigurationList section */
	};
	rootObject = 2C2B4F7E1BBB73F20068C1D5 /* Project object */;
}
